// !$*UTF8*$!
{
	archiveVersion = 1;
	classes = {
	};
	objectVersion = 56;
	objects = {

/* Begin PBXBuildFile section */
		40749C1F2C28A3B10083B14F /* Assets.xcassets in Resources */ = {isa = PBXBuildFile; fileRef = 40749C1E2C28A3B10083B14F /* Assets.xcassets */; };
		40749C542C28A42F0083B14F /* ArrayExtension.swift in Sources */ = {isa = PBXBuildFile; fileRef = 40749C202C28A42F0083B14F /* ArrayExtension.swift */; };
		40749C552C28A42F0083B14F /* DoubleExtension.swift in Sources */ = {isa = PBXBuildFile; fileRef = 40749C212C28A42F0083B14F /* DoubleExtension.swift */; };
		40749C562C28A42F0083B14F /* ArrayFunction.swift in Sources */ = {isa = PBXBuildFile; fileRef = 40749C232C28A42F0083B14F /* ArrayFunction.swift */; };
		40749C572C28A42F0083B14F /* BoolFonction.swift in Sources */ = {isa = PBXBuildFile; fileRef = 40749C242C28A42F0083B14F /* BoolFonction.swift */; };
		40749C582C28A42F0083B14F /* ColorFunction.swift in Sources */ = {isa = PBXBuildFile; fileRef = 40749C252C28A42F0083B14F /* ColorFunction.swift */; };
		40749C592C28A4300083B14F /* CoreDataFunction.swift in Sources */ = {isa = PBXBuildFile; fileRef = 40749C262C28A42F0083B14F /* CoreDataFunction.swift */; };
		40749C5A2C28A4300083B14F /* DepositFunction.swift in Sources */ = {isa = PBXBuildFile; fileRef = 40749C272C28A42F0083B14F /* DepositFunction.swift */; };
		40749C5B2C28A4300083B14F /* DoubleFunction.swift in Sources */ = {isa = PBXBuildFile; fileRef = 40749C282C28A42F0083B14F /* DoubleFunction.swift */; };
		40749C5C2C28A4300083B14F /* FetchedResultsFunction.swift in Sources */ = {isa = PBXBuildFile; fileRef = 40749C292C28A42F0083B14F /* FetchedResultsFunction.swift */; };
		40749C5D2C28A4300083B14F /* ImageFunction.swift in Sources */ = {isa = PBXBuildFile; fileRef = 40749C2A2C28A42F0083B14F /* ImageFunction.swift */; };
		40749C5E2C28A4300083B14F /* InfoFunction.swift in Sources */ = {isa = PBXBuildFile; fileRef = 40749C2B2C28A42F0083B14F /* InfoFunction.swift */; };
		40749C5F2C28A4300083B14F /* MathFunction.swift in Sources */ = {isa = PBXBuildFile; fileRef = 40749C2C2C28A42F0083B14F /* MathFunction.swift */; };
		40749C602C28A4300083B14F /* PriceFunction .swift in Sources */ = {isa = PBXBuildFile; fileRef = 40749C2D2C28A42F0083B14F /* PriceFunction .swift */; };
		40749C612C28A4300083B14F /* refresh.swift in Sources */ = {isa = PBXBuildFile; fileRef = 40749C2E2C28A42F0083B14F /* refresh.swift */; };
		40749C622C28A4300083B14F /* RelationFunction .swift in Sources */ = {isa = PBXBuildFile; fileRef = 40749C2F2C28A42F0083B14F /* RelationFunction .swift */; };
		40749C632C28A4300083B14F /* ShoesFunction.swift in Sources */ = {isa = PBXBuildFile; fileRef = 40749C302C28A42F0083B14F /* ShoesFunction.swift */; };
		40749C642C28A4300083B14F /* StringFunction.swift in Sources */ = {isa = PBXBuildFile; fileRef = 40749C312C28A42F0083B14F /* StringFunction.swift */; };
		40749C652C28A4300083B14F /* TimeFunction.swift in Sources */ = {isa = PBXBuildFile; fileRef = 40749C322C28A42F0083B14F /* TimeFunction.swift */; };
		40749C662C28A4300083B14F /* UUIDFunction.swift in Sources */ = {isa = PBXBuildFile; fileRef = 40749C332C28A42F0083B14F /* UUIDFunction.swift */; };
		40749C672C28A4300083B14F /* ScrapImageTester.swift in Sources */ = {isa = PBXBuildFile; fileRef = 40749C352C28A42F0083B14F /* ScrapImageTester.swift */; };
		40749C682C28A4300083B14F /* ScrapImageViewTester.swift in Sources */ = {isa = PBXBuildFile; fileRef = 40749C362C28A42F0083B14F /* ScrapImageViewTester.swift */; };
		40749C692C28A4300083B14F /* ApparelSalesCellView.swift in Sources */ = {isa = PBXBuildFile; fileRef = 40749C382C28A42F0083B14F /* ApparelSalesCellView.swift */; };
		40749C6A2C28A4300083B14F /* ChartBarDay.swift in Sources */ = {isa = PBXBuildFile; fileRef = 40749C392C28A42F0083B14F /* ChartBarDay.swift */; };
		40749C6B2C28A4300083B14F /* ChartBarDay2.swift in Sources */ = {isa = PBXBuildFile; fileRef = 40749C3A2C28A42F0083B14F /* ChartBarDay2.swift */; };
		40749C6C2C28A4300083B14F /* ChartBarMonth.swift in Sources */ = {isa = PBXBuildFile; fileRef = 40749C3B2C28A42F0083B14F /* ChartBarMonth.swift */; };
		40749C6D2C28A4300083B14F /* EmptyHistoryView.swift in Sources */ = {isa = PBXBuildFile; fileRef = 40749C3C2C28A42F0083B14F /* EmptyHistoryView.swift */; };
		40749C6E2C28A4300083B14F /* EmptyListView.swift in Sources */ = {isa = PBXBuildFile; fileRef = 40749C3D2C28A42F0083B14F /* EmptyListView.swift */; };
		40749C6F2C28A4300083B14F /* GetApparelImage.swift in Sources */ = {isa = PBXBuildFile; fileRef = 40749C3E2C28A42F0083B14F /* GetApparelImage.swift */; };
		40749C702C28A4300083B14F /* GetShoesImage.swift in Sources */ = {isa = PBXBuildFile; fileRef = 40749C3F2C28A42F0083B14F /* GetShoesImage.swift */; };
		40749C712C28A4300083B14F /* PremiumCard.swift in Sources */ = {isa = PBXBuildFile; fileRef = 40749C402C28A42F0083B14F /* PremiumCard.swift */; };
		40749C722C28A4300083B14F /* ShoesCellView.swift in Sources */ = {isa = PBXBuildFile; fileRef = 40749C412C28A42F0083B14F /* ShoesCellView.swift */; };
		40749C732C28A4300083B14F /* ShoesRecentlyDeletedCellView.swift in Sources */ = {isa = PBXBuildFile; fileRef = 40749C422C28A42F0083B14F /* ShoesRecentlyDeletedCellView.swift */; };
		40749C742C28A4300083B14F /* ShoesSalesCellView.swift in Sources */ = {isa = PBXBuildFile; fileRef = 40749C432C28A42F0083B14F /* ShoesSalesCellView.swift */; };
		40749C752C28A4300083B14F /* TextRectangle.swift in Sources */ = {isa = PBXBuildFile; fileRef = 40749C442C28A42F0083B14F /* TextRectangle.swift */; };
		40749C762C28A4300083B14F /* myFunction2.swift in Sources */ = {isa = PBXBuildFile; fileRef = 40749C462C28A42F0083B14F /* myFunction2.swift */; };
		40749C772C28A4300083B14F /* test.swift in Sources */ = {isa = PBXBuildFile; fileRef = 40749C472C28A42F0083B14F /* test.swift */; };
		40749C782C28A4300083B14F /* test2.swift in Sources */ = {isa = PBXBuildFile; fileRef = 40749C482C28A42F0083B14F /* test2.swift */; };
		40749C792C28A4300083B14F /* TimeFormatting.swift in Sources */ = {isa = PBXBuildFile; fileRef = 40749C492C28A42F0083B14F /* TimeFormatting.swift */; };
		40749C7A2C28A4300083B14F /* DataController.swift in Sources */ = {isa = PBXBuildFile; fileRef = 40749C4B2C28A42F0083B14F /* DataController.swift */; };
		40749C7B2C28A4300083B14F /* Shoes.xcdatamodeld in Sources */ = {isa = PBXBuildFile; fileRef = 40749C4C2C28A42F0083B14F /* Shoes.xcdatamodeld */; };
		40749CC22C28A43D0083B14F /* Contents.json in Resources */ = {isa = PBXBuildFile; fileRef = 40749C7C2C28A43D0083B14F /* Contents.json */; };
		40749CC32C28A43D0083B14F /* myStockLaunchScreen3-20.png in Resources */ = {isa = PBXBuildFile; fileRef = 40749C7D2C28A43D0083B14F /* myStockLaunchScreen3-20.png */; };
		40749CC42C28A43D0083B14F /* myStockLaunchScreen3-20@2x.png in Resources */ = {isa = PBXBuildFile; fileRef = 40749C7E2C28A43D0083B14F /* myStockLaunchScreen3-20@2x.png */; };
		40749CC52C28A43D0083B14F /* myStockLaunchScreen3-20@3x.png in Resources */ = {isa = PBXBuildFile; fileRef = 40749C7F2C28A43D0083B14F /* myStockLaunchScreen3-20@3x.png */; };
		40749CC62C28A43D0083B14F /* myStockLaunchScreen3-29.png in Resources */ = {isa = PBXBuildFile; fileRef = 40749C802C28A43D0083B14F /* myStockLaunchScreen3-29.png */; };
		40749CC72C28A43D0083B14F /* myStockLaunchScreen3-29@2x.png in Resources */ = {isa = PBXBuildFile; fileRef = 40749C812C28A43D0083B14F /* myStockLaunchScreen3-29@2x.png */; };
		40749CC82C28A43D0083B14F /* myStockLaunchScreen3-29@3x.png in Resources */ = {isa = PBXBuildFile; fileRef = 40749C822C28A43D0083B14F /* myStockLaunchScreen3-29@3x.png */; };
		40749CC92C28A43D0083B14F /* myStockLaunchScreen3-40.png in Resources */ = {isa = PBXBuildFile; fileRef = 40749C832C28A43D0083B14F /* myStockLaunchScreen3-40.png */; };
		40749CCA2C28A43D0083B14F /* myStockLaunchScreen3-40@2x.png in Resources */ = {isa = PBXBuildFile; fileRef = 40749C842C28A43D0083B14F /* myStockLaunchScreen3-40@2x.png */; };
		40749CCB2C28A43D0083B14F /* myStockLaunchScreen3-40@3x.png in Resources */ = {isa = PBXBuildFile; fileRef = 40749C852C28A43D0083B14F /* myStockLaunchScreen3-40@3x.png */; };
		40749CCC2C28A43D0083B14F /* myStockLaunchScreen3-60@2x.png in Resources */ = {isa = PBXBuildFile; fileRef = 40749C862C28A43D0083B14F /* myStockLaunchScreen3-60@2x.png */; };
		40749CCD2C28A43D0083B14F /* myStockLaunchScreen3-60@3x.png in Resources */ = {isa = PBXBuildFile; fileRef = 40749C872C28A43D0083B14F /* myStockLaunchScreen3-60@3x.png */; };
		40749CCE2C28A43D0083B14F /* myStockLaunchScreen3-76.png in Resources */ = {isa = PBXBuildFile; fileRef = 40749C882C28A43D0083B14F /* myStockLaunchScreen3-76.png */; };
		40749CCF2C28A43D0083B14F /* myStockLaunchScreen3-76@2x.png in Resources */ = {isa = PBXBuildFile; fileRef = 40749C892C28A43D0083B14F /* myStockLaunchScreen3-76@2x.png */; };
		40749CD02C28A43D0083B14F /* myStockLaunchScreen3-83.5@2x.png in Resources */ = {isa = PBXBuildFile; fileRef = 40749C8A2C28A43D0083B14F /* myStockLaunchScreen3-83.5@2x.png */; };
		40749CD12C28A43D0083B14F /* myStockLaunchScreen3-1024.png in Resources */ = {isa = PBXBuildFile; fileRef = 40749C8B2C28A43D0083B14F /* myStockLaunchScreen3-1024.png */; };
		40749CD22C28A43D0083B14F /* BenefitsDetailView.swift in Sources */ = {isa = PBXBuildFile; fileRef = 40749C8E2C28A43D0083B14F /* BenefitsDetailView.swift */; };
		40749CD32C28A43D0083B14F /* SalesDetailViews.swift in Sources */ = {isa = PBXBuildFile; fileRef = 40749C8F2C28A43D0083B14F /* SalesDetailViews.swift */; };
		40749CD42C28A43D0083B14F /* DepositView.swift in Sources */ = {isa = PBXBuildFile; fileRef = 40749C912C28A43D0083B14F /* DepositView.swift */; };
		40749CD52C28A43D0083B14F /* GearView.swift in Sources */ = {isa = PBXBuildFile; fileRef = 40749C922C28A43D0083B14F /* GearView.swift */; };
		40749CD62C28A43D0083B14F /* myInfoView.swift in Sources */ = {isa = PBXBuildFile; fileRef = 40749C942C28A43D0083B14F /* myInfoView.swift */; };
		40749CD72C28A43D0083B14F /* PackBrandView.swift in Sources */ = {isa = PBXBuildFile; fileRef = 40749C952C28A43D0083B14F /* PackBrandView.swift */; };
		40749CD82C28A43D0083B14F /* PackSaleView.swift in Sources */ = {isa = PBXBuildFile; fileRef = 40749C962C28A43D0083B14F /* PackSaleView.swift */; };
		40749CD92C28A43D0083B14F /* PackSizeView.swift in Sources */ = {isa = PBXBuildFile; fileRef = 40749C972C28A43D0083B14F /* PackSizeView.swift */; };
		40749CDA2C28A43D0083B14F /* ShoesByBrandView.swift in Sources */ = {isa = PBXBuildFile; fileRef = 40749C982C28A43D0083B14F /* ShoesByBrandView.swift */; };
		40749CDB2C28A43D0083B14F /* ShoesBySizeView.swift in Sources */ = {isa = PBXBuildFile; fileRef = 40749C992C28A43D0083B14F /* ShoesBySizeView.swift */; };
		40749CDC2C28A43D0083B14F /* AddApparelView.swift in Sources */ = {isa = PBXBuildFile; fileRef = 40749C9B2C28A43D0083B14F /* AddApparelView.swift */; };
		40749CDD2C28A43D0083B14F /* AddShoesView.swift in Sources */ = {isa = PBXBuildFile; fileRef = 40749C9C2C28A43D0083B14F /* AddShoesView.swift */; };
		40749CDE2C28A43D0083B14F /* PremiumAddFastView.swift in Sources */ = {isa = PBXBuildFile; fileRef = 40749C9D2C28A43D0083B14F /* PremiumAddFastView.swift */; };
		40749CDF2C28A43D0083B14F /* EditApparelView.swift in Sources */ = {isa = PBXBuildFile; fileRef = 40749C9F2C28A43D0083B14F /* EditApparelView.swift */; };
		40749CE02C28A43D0083B14F /* EditShoesView.swift in Sources */ = {isa = PBXBuildFile; fileRef = 40749CA02C28A43D0083B14F /* EditShoesView.swift */; };
		40749CE12C28A43D0083B14F /* InfoSaleApparelView.swift in Sources */ = {isa = PBXBuildFile; fileRef = 40749CA22C28A43D0083B14F /* InfoSaleApparelView.swift */; };
		40749CE22C28A43D0083B14F /* InfoSaleShoesView.swift in Sources */ = {isa = PBXBuildFile; fileRef = 40749CA32C28A43D0083B14F /* InfoSaleShoesView.swift */; };
		40749CE32C28A43D0083B14F /* InfoApparelView.swift in Sources */ = {isa = PBXBuildFile; fileRef = 40749CA52C28A43D0083B14F /* InfoApparelView.swift */; };
		40749CE42C28A43D0083B14F /* InfoShoesView.swift in Sources */ = {isa = PBXBuildFile; fileRef = 40749CA62C28A43D0083B14F /* InfoShoesView.swift */; };
		40749CE52C28A43D0083B14F /* myApparelListView.swift in Sources */ = {isa = PBXBuildFile; fileRef = 40749CA82C28A43D0083B14F /* myApparelListView.swift */; };
		40749CE62C28A43D0083B14F /* myShoesListView.swift in Sources */ = {isa = PBXBuildFile; fileRef = 40749CA92C28A43D0083B14F /* myShoesListView.swift */; };
		40749CE72C28A43D0083B14F /* EditSellApparelView.swift in Sources */ = {isa = PBXBuildFile; fileRef = 40749CAB2C28A43D0083B14F /* EditSellApparelView.swift */; };
		40749CE82C28A43D0083B14F /* EditSellShoesView.swift in Sources */ = {isa = PBXBuildFile; fileRef = 40749CAC2C28A43D0083B14F /* EditSellShoesView.swift */; };
		40749CE92C28A43D0083B14F /* SellApparelView.swift in Sources */ = {isa = PBXBuildFile; fileRef = 40749CAE2C28A43D0083B14F /* SellApparelView.swift */; };
		40749CEA2C28A43D0083B14F /* SellShoesView.swift in Sources */ = {isa = PBXBuildFile; fileRef = 40749CAF2C28A43D0083B14F /* SellShoesView.swift */; };
		40749CEB2C28A43D0083B14F /* PremiumView.swift in Sources */ = {isa = PBXBuildFile; fileRef = 40749CB12C28A43D0083B14F /* PremiumView.swift */; };
		40749CEC2C28A43D0083B14F /* UserView.swift in Sources */ = {isa = PBXBuildFile; fileRef = 40749CB22C28A43D0083B14F /* UserView.swift */; };
		40749CED2C28A43D0083B14F /* ContentView.swift in Sources */ = {isa = PBXBuildFile; fileRef = 40749CB42C28A43D0083B14F /* ContentView.swift */; };
		40749CEE2C28A43D0083B14F /* heart.swift in Sources */ = {isa = PBXBuildFile; fileRef = 40749CB52C28A43D0083B14F /* heart.swift */; };
		40749CEF2C28A43D0083B14F /* HomeView.swift in Sources */ = {isa = PBXBuildFile; fileRef = 40749CB62C28A43D0083B14F /* HomeView.swift */; };
		40749CF02C28A43D0083B14F /* SalesHistory.swift in Sources */ = {isa = PBXBuildFile; fileRef = 40749CB72C28A43D0083B14F /* SalesHistory.swift */; };
		40749CF12C28A43D0083B14F /* ShoesRecentlyDeletedView.swift in Sources */ = {isa = PBXBuildFile; fileRef = 40749CB82C28A43D0083B14F /* ShoesRecentlyDeletedView.swift */; };
		40749CF22C28A43D0083B14F /* TabBarView.swift in Sources */ = {isa = PBXBuildFile; fileRef = 40749CB92C28A43D0083B14F /* TabBarView.swift */; };
		40749CF32C28A43D0083B14F /* Test remove filter.swift in Sources */ = {isa = PBXBuildFile; fileRef = 40749CBA2C28A43D0083B14F /* Test remove filter.swift */; };
		40749CF42C28A43D0083B14F /* AppViewModel.swift in Sources */ = {isa = PBXBuildFile; fileRef = 40749CBC2C28A43D0083B14F /* AppViewModel.swift */; };
		40749CF52C28A43D0083B14F /* DataScannerView.swift in Sources */ = {isa = PBXBuildFile; fileRef = 40749CBD2C28A43D0083B14F /* DataScannerView.swift */; };
		40749CF62C28A43D0083B14F /* ScanShoesView.swift in Sources */ = {isa = PBXBuildFile; fileRef = 40749CBE2C28A43D0083B14F /* ScanShoesView.swift */; };
		40749CF72C28A43D0083B14F /* PrimeView.swift in Sources */ = {isa = PBXBuildFile; fileRef = 40749CC02C28A43D0083B14F /* PrimeView.swift */; };
		4084E71A2C28A65D00F4ED84 /* SwiftSoup in Frameworks */ = {isa = PBXBuildFile; productRef = 4084E7192C28A65D00F4ED84 /* SwiftSoup */; };
		4084E71C2C28A8CF00F4ED84 /* _6123App.swift in Sources */ = {isa = PBXBuildFile; fileRef = 4084E71B2C28A8CF00F4ED84 /* _6123App.swift */; };
/* End PBXBuildFile section */

/* Begin PBXFileReference section */
		40749C0B2C28740D0083B14F /* test-sneakerstock-backup.app */ = {isa = PBXFileReference; explicitFileType = wrapper.application; includeInIndex = 0; path = "test-sneakerstock-backup.app"; sourceTree = BUILT_PRODUCTS_DIR; };
		40749C1E2C28A3B10083B14F /* Assets.xcassets */ = {isa = PBXFileReference; lastKnownFileType = folder.assetcatalog; path = Assets.xcassets; sourceTree = "<group>"; };
		40749C202C28A42F0083B14F /* ArrayExtension.swift */ = {isa = PBXFileReference; fileEncoding = 4; lastKnownFileType = sourcecode.swift; path = ArrayExtension.swift; sourceTree = "<group>"; };
		40749C212C28A42F0083B14F /* DoubleExtension.swift */ = {isa = PBXFileReference; fileEncoding = 4; lastKnownFileType = sourcecode.swift; path = DoubleExtension.swift; sourceTree = "<group>"; };
		40749C232C28A42F0083B14F /* ArrayFunction.swift */ = {isa = PBXFileReference; fileEncoding = 4; lastKnownFileType = sourcecode.swift; path = ArrayFunction.swift; sourceTree = "<group>"; };
		40749C242C28A42F0083B14F /* BoolFonction.swift */ = {isa = PBXFileReference; fileEncoding = 4; lastKnownFileType = sourcecode.swift; path = BoolFonction.swift; sourceTree = "<group>"; };
		40749C252C28A42F0083B14F /* ColorFunction.swift */ = {isa = PBXFileReference; fileEncoding = 4; lastKnownFileType = sourcecode.swift; path = ColorFunction.swift; sourceTree = "<group>"; };
		40749C262C28A42F0083B14F /* CoreDataFunction.swift */ = {isa = PBXFileReference; fileEncoding = 4; lastKnownFileType = sourcecode.swift; path = CoreDataFunction.swift; sourceTree = "<group>"; };
		40749C272C28A42F0083B14F /* DepositFunction.swift */ = {isa = PBXFileReference; fileEncoding = 4; lastKnownFileType = sourcecode.swift; path = DepositFunction.swift; sourceTree = "<group>"; };
		40749C282C28A42F0083B14F /* DoubleFunction.swift */ = {isa = PBXFileReference; fileEncoding = 4; lastKnownFileType = sourcecode.swift; path = DoubleFunction.swift; sourceTree = "<group>"; };
		40749C292C28A42F0083B14F /* FetchedResultsFunction.swift */ = {isa = PBXFileReference; fileEncoding = 4; lastKnownFileType = sourcecode.swift; path = FetchedResultsFunction.swift; sourceTree = "<group>"; };
		40749C2A2C28A42F0083B14F /* ImageFunction.swift */ = {isa = PBXFileReference; fileEncoding = 4; lastKnownFileType = sourcecode.swift; path = ImageFunction.swift; sourceTree = "<group>"; };
		40749C2B2C28A42F0083B14F /* InfoFunction.swift */ = {isa = PBXFileReference; fileEncoding = 4; lastKnownFileType = sourcecode.swift; path = InfoFunction.swift; sourceTree = "<group>"; };
		40749C2C2C28A42F0083B14F /* MathFunction.swift */ = {isa = PBXFileReference; fileEncoding = 4; lastKnownFileType = sourcecode.swift; path = MathFunction.swift; sourceTree = "<group>"; };
		40749C2D2C28A42F0083B14F /* PriceFunction .swift */ = {isa = PBXFileReference; fileEncoding = 4; lastKnownFileType = sourcecode.swift; path = "PriceFunction .swift"; sourceTree = "<group>"; };
		40749C2E2C28A42F0083B14F /* refresh.swift */ = {isa = PBXFileReference; fileEncoding = 4; lastKnownFileType = sourcecode.swift; path = refresh.swift; sourceTree = "<group>"; };
		40749C2F2C28A42F0083B14F /* RelationFunction .swift */ = {isa = PBXFileReference; fileEncoding = 4; lastKnownFileType = sourcecode.swift; path = "RelationFunction .swift"; sourceTree = "<group>"; };
		40749C302C28A42F0083B14F /* ShoesFunction.swift */ = {isa = PBXFileReference; fileEncoding = 4; lastKnownFileType = sourcecode.swift; path = ShoesFunction.swift; sourceTree = "<group>"; };
		40749C312C28A42F0083B14F /* StringFunction.swift */ = {isa = PBXFileReference; fileEncoding = 4; lastKnownFileType = sourcecode.swift; path = StringFunction.swift; sourceTree = "<group>"; };
		40749C322C28A42F0083B14F /* TimeFunction.swift */ = {isa = PBXFileReference; fileEncoding = 4; lastKnownFileType = sourcecode.swift; path = TimeFunction.swift; sourceTree = "<group>"; };
		40749C332C28A42F0083B14F /* UUIDFunction.swift */ = {isa = PBXFileReference; fileEncoding = 4; lastKnownFileType = sourcecode.swift; path = UUIDFunction.swift; sourceTree = "<group>"; };
		40749C352C28A42F0083B14F /* ScrapImageTester.swift */ = {isa = PBXFileReference; fileEncoding = 4; lastKnownFileType = sourcecode.swift; path = ScrapImageTester.swift; sourceTree = "<group>"; };
		40749C362C28A42F0083B14F /* ScrapImageViewTester.swift */ = {isa = PBXFileReference; fileEncoding = 4; lastKnownFileType = sourcecode.swift; path = ScrapImageViewTester.swift; sourceTree = "<group>"; };
		40749C382C28A42F0083B14F /* ApparelSalesCellView.swift */ = {isa = PBXFileReference; fileEncoding = 4; lastKnownFileType = sourcecode.swift; path = ApparelSalesCellView.swift; sourceTree = "<group>"; };
		40749C392C28A42F0083B14F /* ChartBarDay.swift */ = {isa = PBXFileReference; fileEncoding = 4; lastKnownFileType = sourcecode.swift; path = ChartBarDay.swift; sourceTree = "<group>"; };
		40749C3A2C28A42F0083B14F /* ChartBarDay2.swift */ = {isa = PBXFileReference; fileEncoding = 4; lastKnownFileType = sourcecode.swift; path = ChartBarDay2.swift; sourceTree = "<group>"; };
		40749C3B2C28A42F0083B14F /* ChartBarMonth.swift */ = {isa = PBXFileReference; fileEncoding = 4; lastKnownFileType = sourcecode.swift; path = ChartBarMonth.swift; sourceTree = "<group>"; };
		40749C3C2C28A42F0083B14F /* EmptyHistoryView.swift */ = {isa = PBXFileReference; fileEncoding = 4; lastKnownFileType = sourcecode.swift; path = EmptyHistoryView.swift; sourceTree = "<group>"; };
		40749C3D2C28A42F0083B14F /* EmptyListView.swift */ = {isa = PBXFileReference; fileEncoding = 4; lastKnownFileType = sourcecode.swift; path = EmptyListView.swift; sourceTree = "<group>"; };
		40749C3E2C28A42F0083B14F /* GetApparelImage.swift */ = {isa = PBXFileReference; fileEncoding = 4; lastKnownFileType = sourcecode.swift; path = GetApparelImage.swift; sourceTree = "<group>"; };
		40749C3F2C28A42F0083B14F /* GetShoesImage.swift */ = {isa = PBXFileReference; fileEncoding = 4; lastKnownFileType = sourcecode.swift; path = GetShoesImage.swift; sourceTree = "<group>"; };
		40749C402C28A42F0083B14F /* PremiumCard.swift */ = {isa = PBXFileReference; fileEncoding = 4; lastKnownFileType = sourcecode.swift; path = PremiumCard.swift; sourceTree = "<group>"; };
		40749C412C28A42F0083B14F /* ShoesCellView.swift */ = {isa = PBXFileReference; fileEncoding = 4; lastKnownFileType = sourcecode.swift; path = ShoesCellView.swift; sourceTree = "<group>"; };
		40749C422C28A42F0083B14F /* ShoesRecentlyDeletedCellView.swift */ = {isa = PBXFileReference; fileEncoding = 4; lastKnownFileType = sourcecode.swift; path = ShoesRecentlyDeletedCellView.swift; sourceTree = "<group>"; };
		40749C432C28A42F0083B14F /* ShoesSalesCellView.swift */ = {isa = PBXFileReference; fileEncoding = 4; lastKnownFileType = sourcecode.swift; path = ShoesSalesCellView.swift; sourceTree = "<group>"; };
		40749C442C28A42F0083B14F /* TextRectangle.swift */ = {isa = PBXFileReference; fileEncoding = 4; lastKnownFileType = sourcecode.swift; path = TextRectangle.swift; sourceTree = "<group>"; };
		40749C462C28A42F0083B14F /* myFunction2.swift */ = {isa = PBXFileReference; fileEncoding = 4; lastKnownFileType = sourcecode.swift; path = myFunction2.swift; sourceTree = "<group>"; };
		40749C472C28A42F0083B14F /* test.swift */ = {isa = PBXFileReference; fileEncoding = 4; lastKnownFileType = sourcecode.swift; path = test.swift; sourceTree = "<group>"; };
		40749C482C28A42F0083B14F /* test2.swift */ = {isa = PBXFileReference; fileEncoding = 4; lastKnownFileType = sourcecode.swift; path = test2.swift; sourceTree = "<group>"; };
		40749C492C28A42F0083B14F /* TimeFormatting.swift */ = {isa = PBXFileReference; fileEncoding = 4; lastKnownFileType = sourcecode.swift; path = TimeFormatting.swift; sourceTree = "<group>"; };
		40749C4B2C28A42F0083B14F /* DataController.swift */ = {isa = PBXFileReference; fileEncoding = 4; lastKnownFileType = sourcecode.swift; path = DataController.swift; sourceTree = "<group>"; };
		40749C4E2C28A42F0083B14F /* ItemModel 2.xcdatamodel */ = {isa = PBXFileReference; lastKnownFileType = wrapper.xcdatamodel; path = "ItemModel 2.xcdatamodel"; sourceTree = "<group>"; };
		40749C4F2C28A42F0083B14F /* ItemModel 4.xcdatamodel */ = {isa = PBXFileReference; lastKnownFileType = wrapper.xcdatamodel; path = "ItemModel 4.xcdatamodel"; sourceTree = "<group>"; };
		40749C502C28A42F0083B14F /* ItemModel.xcdatamodel */ = {isa = PBXFileReference; lastKnownFileType = wrapper.xcdatamodel; path = ItemModel.xcdatamodel; sourceTree = "<group>"; };
		40749C512C28A42F0083B14F /* ItemModel 3.xcdatamodel */ = {isa = PBXFileReference; lastKnownFileType = wrapper.xcdatamodel; path = "ItemModel 3.xcdatamodel"; sourceTree = "<group>"; };
		40749C522C28A42F0083B14F /* ItemModel 6.xcdatamodel */ = {isa = PBXFileReference; lastKnownFileType = wrapper.xcdatamodel; path = "ItemModel 6.xcdatamodel"; sourceTree = "<group>"; };
		40749C532C28A42F0083B14F /* ItemModel 5.xcdatamodel */ = {isa = PBXFileReference; lastKnownFileType = wrapper.xcdatamodel; path = "ItemModel 5.xcdatamodel"; sourceTree = "<group>"; };
		40749C7C2C28A43D0083B14F /* Contents.json */ = {isa = PBXFileReference; fileEncoding = 4; lastKnownFileType = text.json; path = Contents.json; sourceTree = "<group>"; };
		40749C7D2C28A43D0083B14F /* myStockLaunchScreen3-20.png */ = {isa = PBXFileReference; lastKnownFileType = image.png; path = "myStockLaunchScreen3-20.png"; sourceTree = "<group>"; };
		40749C7E2C28A43D0083B14F /* myStockLaunchScreen3-20@2x.png */ = {isa = PBXFileReference; lastKnownFileType = image.png; path = "myStockLaunchScreen3-20@2x.png"; sourceTree = "<group>"; };
		40749C7F2C28A43D0083B14F /* myStockLaunchScreen3-20@3x.png */ = {isa = PBXFileReference; lastKnownFileType = image.png; path = "myStockLaunchScreen3-20@3x.png"; sourceTree = "<group>"; };
		40749C802C28A43D0083B14F /* myStockLaunchScreen3-29.png */ = {isa = PBXFileReference; lastKnownFileType = image.png; path = "myStockLaunchScreen3-29.png"; sourceTree = "<group>"; };
		40749C812C28A43D0083B14F /* myStockLaunchScreen3-29@2x.png */ = {isa = PBXFileReference; lastKnownFileType = image.png; path = "myStockLaunchScreen3-29@2x.png"; sourceTree = "<group>"; };
		40749C822C28A43D0083B14F /* myStockLaunchScreen3-29@3x.png */ = {isa = PBXFileReference; lastKnownFileType = image.png; path = "myStockLaunchScreen3-29@3x.png"; sourceTree = "<group>"; };
		40749C832C28A43D0083B14F /* myStockLaunchScreen3-40.png */ = {isa = PBXFileReference; lastKnownFileType = image.png; path = "myStockLaunchScreen3-40.png"; sourceTree = "<group>"; };
		40749C842C28A43D0083B14F /* myStockLaunchScreen3-40@2x.png */ = {isa = PBXFileReference; lastKnownFileType = image.png; path = "myStockLaunchScreen3-40@2x.png"; sourceTree = "<group>"; };
		40749C852C28A43D0083B14F /* myStockLaunchScreen3-40@3x.png */ = {isa = PBXFileReference; lastKnownFileType = image.png; path = "myStockLaunchScreen3-40@3x.png"; sourceTree = "<group>"; };
		40749C862C28A43D0083B14F /* myStockLaunchScreen3-60@2x.png */ = {isa = PBXFileReference; lastKnownFileType = image.png; path = "myStockLaunchScreen3-60@2x.png"; sourceTree = "<group>"; };
		40749C872C28A43D0083B14F /* myStockLaunchScreen3-60@3x.png */ = {isa = PBXFileReference; lastKnownFileType = image.png; path = "myStockLaunchScreen3-60@3x.png"; sourceTree = "<group>"; };
		40749C882C28A43D0083B14F /* myStockLaunchScreen3-76.png */ = {isa = PBXFileReference; lastKnownFileType = image.png; path = "myStockLaunchScreen3-76.png"; sourceTree = "<group>"; };
		40749C892C28A43D0083B14F /* myStockLaunchScreen3-76@2x.png */ = {isa = PBXFileReference; lastKnownFileType = image.png; path = "myStockLaunchScreen3-76@2x.png"; sourceTree = "<group>"; };
		40749C8A2C28A43D0083B14F /* myStockLaunchScreen3-83.5@2x.png */ = {isa = PBXFileReference; lastKnownFileType = image.png; path = "myStockLaunchScreen3-83.5@2x.png"; sourceTree = "<group>"; };
		40749C8B2C28A43D0083B14F /* myStockLaunchScreen3-1024.png */ = {isa = PBXFileReference; lastKnownFileType = image.png; path = "myStockLaunchScreen3-1024.png"; sourceTree = "<group>"; };
		40749C8E2C28A43D0083B14F /* BenefitsDetailView.swift */ = {isa = PBXFileReference; fileEncoding = 4; lastKnownFileType = sourcecode.swift; path = BenefitsDetailView.swift; sourceTree = "<group>"; };
		40749C8F2C28A43D0083B14F /* SalesDetailViews.swift */ = {isa = PBXFileReference; fileEncoding = 4; lastKnownFileType = sourcecode.swift; path = SalesDetailViews.swift; sourceTree = "<group>"; };
		40749C912C28A43D0083B14F /* DepositView.swift */ = {isa = PBXFileReference; fileEncoding = 4; lastKnownFileType = sourcecode.swift; path = DepositView.swift; sourceTree = "<group>"; };
		40749C922C28A43D0083B14F /* GearView.swift */ = {isa = PBXFileReference; fileEncoding = 4; lastKnownFileType = sourcecode.swift; path = GearView.swift; sourceTree = "<group>"; };
		40749C942C28A43D0083B14F /* myInfoView.swift */ = {isa = PBXFileReference; fileEncoding = 4; lastKnownFileType = sourcecode.swift; path = myInfoView.swift; sourceTree = "<group>"; };
		40749C952C28A43D0083B14F /* PackBrandView.swift */ = {isa = PBXFileReference; fileEncoding = 4; lastKnownFileType = sourcecode.swift; path = PackBrandView.swift; sourceTree = "<group>"; };
		40749C962C28A43D0083B14F /* PackSaleView.swift */ = {isa = PBXFileReference; fileEncoding = 4; lastKnownFileType = sourcecode.swift; path = PackSaleView.swift; sourceTree = "<group>"; };
		40749C972C28A43D0083B14F /* PackSizeView.swift */ = {isa = PBXFileReference; fileEncoding = 4; lastKnownFileType = sourcecode.swift; path = PackSizeView.swift; sourceTree = "<group>"; };
		40749C982C28A43D0083B14F /* ShoesByBrandView.swift */ = {isa = PBXFileReference; fileEncoding = 4; lastKnownFileType = sourcecode.swift; path = ShoesByBrandView.swift; sourceTree = "<group>"; };
		40749C992C28A43D0083B14F /* ShoesBySizeView.swift */ = {isa = PBXFileReference; fileEncoding = 4; lastKnownFileType = sourcecode.swift; path = ShoesBySizeView.swift; sourceTree = "<group>"; };
		40749C9B2C28A43D0083B14F /* AddApparelView.swift */ = {isa = PBXFileReference; fileEncoding = 4; lastKnownFileType = sourcecode.swift; path = AddApparelView.swift; sourceTree = "<group>"; };
		40749C9C2C28A43D0083B14F /* AddShoesView.swift */ = {isa = PBXFileReference; fileEncoding = 4; lastKnownFileType = sourcecode.swift; path = AddShoesView.swift; sourceTree = "<group>"; };
		40749C9D2C28A43D0083B14F /* PremiumAddFastView.swift */ = {isa = PBXFileReference; fileEncoding = 4; lastKnownFileType = sourcecode.swift; path = PremiumAddFastView.swift; sourceTree = "<group>"; };
		40749C9F2C28A43D0083B14F /* EditApparelView.swift */ = {isa = PBXFileReference; fileEncoding = 4; lastKnownFileType = sourcecode.swift; path = EditApparelView.swift; sourceTree = "<group>"; };
		40749CA02C28A43D0083B14F /* EditShoesView.swift */ = {isa = PBXFileReference; fileEncoding = 4; lastKnownFileType = sourcecode.swift; path = EditShoesView.swift; sourceTree = "<group>"; };
		40749CA22C28A43D0083B14F /* InfoSaleApparelView.swift */ = {isa = PBXFileReference; fileEncoding = 4; lastKnownFileType = sourcecode.swift; path = InfoSaleApparelView.swift; sourceTree = "<group>"; };
		40749CA32C28A43D0083B14F /* InfoSaleShoesView.swift */ = {isa = PBXFileReference; fileEncoding = 4; lastKnownFileType = sourcecode.swift; path = InfoSaleShoesView.swift; sourceTree = "<group>"; };
		40749CA52C28A43D0083B14F /* InfoApparelView.swift */ = {isa = PBXFileReference; fileEncoding = 4; lastKnownFileType = sourcecode.swift; path = InfoApparelView.swift; sourceTree = "<group>"; };
		40749CA62C28A43D0083B14F /* InfoShoesView.swift */ = {isa = PBXFileReference; fileEncoding = 4; lastKnownFileType = sourcecode.swift; path = InfoShoesView.swift; sourceTree = "<group>"; };
		40749CA82C28A43D0083B14F /* myApparelListView.swift */ = {isa = PBXFileReference; fileEncoding = 4; lastKnownFileType = sourcecode.swift; path = myApparelListView.swift; sourceTree = "<group>"; };
		40749CA92C28A43D0083B14F /* myShoesListView.swift */ = {isa = PBXFileReference; fileEncoding = 4; lastKnownFileType = sourcecode.swift; path = myShoesListView.swift; sourceTree = "<group>"; };
		40749CAB2C28A43D0083B14F /* EditSellApparelView.swift */ = {isa = PBXFileReference; fileEncoding = 4; lastKnownFileType = sourcecode.swift; path = EditSellApparelView.swift; sourceTree = "<group>"; };
		40749CAC2C28A43D0083B14F /* EditSellShoesView.swift */ = {isa = PBXFileReference; fileEncoding = 4; lastKnownFileType = sourcecode.swift; path = EditSellShoesView.swift; sourceTree = "<group>"; };
		40749CAE2C28A43D0083B14F /* SellApparelView.swift */ = {isa = PBXFileReference; fileEncoding = 4; lastKnownFileType = sourcecode.swift; path = SellApparelView.swift; sourceTree = "<group>"; };
		40749CAF2C28A43D0083B14F /* SellShoesView.swift */ = {isa = PBXFileReference; fileEncoding = 4; lastKnownFileType = sourcecode.swift; path = SellShoesView.swift; sourceTree = "<group>"; };
		40749CB12C28A43D0083B14F /* PremiumView.swift */ = {isa = PBXFileReference; fileEncoding = 4; lastKnownFileType = sourcecode.swift; path = PremiumView.swift; sourceTree = "<group>"; };
		40749CB22C28A43D0083B14F /* UserView.swift */ = {isa = PBXFileReference; fileEncoding = 4; lastKnownFileType = sourcecode.swift; path = UserView.swift; sourceTree = "<group>"; };
		40749CB42C28A43D0083B14F /* ContentView.swift */ = {isa = PBXFileReference; fileEncoding = 4; lastKnownFileType = sourcecode.swift; path = ContentView.swift; sourceTree = "<group>"; };
		40749CB52C28A43D0083B14F /* heart.swift */ = {isa = PBXFileReference; fileEncoding = 4; lastKnownFileType = sourcecode.swift; path = heart.swift; sourceTree = "<group>"; };
		40749CB62C28A43D0083B14F /* HomeView.swift */ = {isa = PBXFileReference; fileEncoding = 4; lastKnownFileType = sourcecode.swift; path = HomeView.swift; sourceTree = "<group>"; };
		40749CB72C28A43D0083B14F /* SalesHistory.swift */ = {isa = PBXFileReference; fileEncoding = 4; lastKnownFileType = sourcecode.swift; path = SalesHistory.swift; sourceTree = "<group>"; };
		40749CB82C28A43D0083B14F /* ShoesRecentlyDeletedView.swift */ = {isa = PBXFileReference; fileEncoding = 4; lastKnownFileType = sourcecode.swift; path = ShoesRecentlyDeletedView.swift; sourceTree = "<group>"; };
		40749CB92C28A43D0083B14F /* TabBarView.swift */ = {isa = PBXFileReference; fileEncoding = 4; lastKnownFileType = sourcecode.swift; path = TabBarView.swift; sourceTree = "<group>"; };
		40749CBA2C28A43D0083B14F /* Test remove filter.swift */ = {isa = PBXFileReference; fileEncoding = 4; lastKnownFileType = sourcecode.swift; path = "Test remove filter.swift"; sourceTree = "<group>"; };
		40749CBC2C28A43D0083B14F /* AppViewModel.swift */ = {isa = PBXFileReference; fileEncoding = 4; lastKnownFileType = sourcecode.swift; path = AppViewModel.swift; sourceTree = "<group>"; };
		40749CBD2C28A43D0083B14F /* DataScannerView.swift */ = {isa = PBXFileReference; fileEncoding = 4; lastKnownFileType = sourcecode.swift; path = DataScannerView.swift; sourceTree = "<group>"; };
		40749CBE2C28A43D0083B14F /* ScanShoesView.swift */ = {isa = PBXFileReference; fileEncoding = 4; lastKnownFileType = sourcecode.swift; path = ScanShoesView.swift; sourceTree = "<group>"; };
		40749CC02C28A43D0083B14F /* PrimeView.swift */ = {isa = PBXFileReference; fileEncoding = 4; lastKnownFileType = sourcecode.swift; path = PrimeView.swift; sourceTree = "<group>"; };
		4084E71B2C28A8CF00F4ED84 /* _6123App.swift */ = {isa = PBXFileReference; fileEncoding = 4; lastKnownFileType = sourcecode.swift; name = _6123App.swift; path = ../myStockApp/26123/_6123App.swift; sourceTree = "<group>"; };
/* End PBXFileReference section */

/* Begin PBXFrameworksBuildPhase section */
		40749C082C28740D0083B14F /* Frameworks */ = {
			isa = PBXFrameworksBuildPhase;
			buildActionMask = 2147483647;
			files = (
				4084E71A2C28A65D00F4ED84 /* SwiftSoup in Frameworks */,
			);
			runOnlyForDeploymentPostprocessing = 0;
		};
/* End PBXFrameworksBuildPhase section */

/* Begin PBXGroup section */
		40749C022C28740D0083B14F = {
			isa = PBXGroup;
			children = (
				4084E71B2C28A8CF00F4ED84 /* _6123App.swift */,
				40749C0D2C28740D0083B14F /* test-sneakerstock-backup */,
				40749C0C2C28740D0083B14F /* Products */,
			);
			sourceTree = "<group>";
		};
		40749C0C2C28740D0083B14F /* Products */ = {
			isa = PBXGroup;
			children = (
				40749C0B2C28740D0083B14F /* test-sneakerstock-backup.app */,
			);
			name = Products;
			sourceTree = "<group>";
		};
		40749C0D2C28740D0083B14F /* test-sneakerstock-backup */ = {
			isa = PBXGroup;
			children = (
				40749C1E2C28A3B10083B14F /* Assets.xcassets */,
				40749CC12C28A43D0083B14F /* InAppPurchase */,
				40749CBF2C28A43D0083B14F /* ScanProject */,
				40749CBB2C28A43D0083B14F /* Views */,
				40749C8D2C28A43D0083B14F /* iOS */,
				40749C4A2C28A42F0083B14F /* Helpers */,
				40749C4D2C28A42F0083B14F /* DataModel */,
			);
			path = "test-sneakerstock-backup";
			sourceTree = "<group>";
		};
		40749C222C28A42F0083B14F /* Extensions */ = {
			isa = PBXGroup;
			children = (
				40749C202C28A42F0083B14F /* ArrayExtension.swift */,
				40749C212C28A42F0083B14F /* DoubleExtension.swift */,
			);
			path = Extensions;
			sourceTree = "<group>";
		};
		40749C342C28A42F0083B14F /* Function */ = {
			isa = PBXGroup;
			children = (
				40749C232C28A42F0083B14F /* ArrayFunction.swift */,
				40749C242C28A42F0083B14F /* BoolFonction.swift */,
				40749C252C28A42F0083B14F /* ColorFunction.swift */,
				40749C262C28A42F0083B14F /* CoreDataFunction.swift */,
				40749C272C28A42F0083B14F /* DepositFunction.swift */,
				40749C282C28A42F0083B14F /* DoubleFunction.swift */,
				40749C292C28A42F0083B14F /* FetchedResultsFunction.swift */,
				40749C2A2C28A42F0083B14F /* ImageFunction.swift */,
				40749C2B2C28A42F0083B14F /* InfoFunction.swift */,
				40749C2C2C28A42F0083B14F /* MathFunction.swift */,
				40749C2D2C28A42F0083B14F /* PriceFunction .swift */,
				40749C2E2C28A42F0083B14F /* refresh.swift */,
				40749C2F2C28A42F0083B14F /* RelationFunction .swift */,
				40749C302C28A42F0083B14F /* ShoesFunction.swift */,
				40749C312C28A42F0083B14F /* StringFunction.swift */,
				40749C322C28A42F0083B14F /* TimeFunction.swift */,
				40749C332C28A42F0083B14F /* UUIDFunction.swift */,
			);
			path = Function;
			sourceTree = "<group>";
		};
		40749C372C28A42F0083B14F /* Testers */ = {
			isa = PBXGroup;
			children = (
				40749C352C28A42F0083B14F /* ScrapImageTester.swift */,
				40749C362C28A42F0083B14F /* ScrapImageViewTester.swift */,
			);
			path = Testers;
			sourceTree = "<group>";
		};
		40749C452C28A42F0083B14F /* ViewsHelpers */ = {
			isa = PBXGroup;
			children = (
				40749C382C28A42F0083B14F /* ApparelSalesCellView.swift */,
				40749C392C28A42F0083B14F /* ChartBarDay.swift */,
				40749C3A2C28A42F0083B14F /* ChartBarDay2.swift */,
				40749C3B2C28A42F0083B14F /* ChartBarMonth.swift */,
				40749C3C2C28A42F0083B14F /* EmptyHistoryView.swift */,
				40749C3D2C28A42F0083B14F /* EmptyListView.swift */,
				40749C3E2C28A42F0083B14F /* GetApparelImage.swift */,
				40749C3F2C28A42F0083B14F /* GetShoesImage.swift */,
				40749C402C28A42F0083B14F /* PremiumCard.swift */,
				40749C412C28A42F0083B14F /* ShoesCellView.swift */,
				40749C422C28A42F0083B14F /* ShoesRecentlyDeletedCellView.swift */,
				40749C432C28A42F0083B14F /* ShoesSalesCellView.swift */,
				40749C442C28A42F0083B14F /* TextRectangle.swift */,
			);
			path = ViewsHelpers;
			sourceTree = "<group>";
		};
		40749C4A2C28A42F0083B14F /* Helpers */ = {
			isa = PBXGroup;
			children = (
				40749C222C28A42F0083B14F /* Extensions */,
				40749C342C28A42F0083B14F /* Function */,
				40749C372C28A42F0083B14F /* Testers */,
				40749C452C28A42F0083B14F /* ViewsHelpers */,
				40749C462C28A42F0083B14F /* myFunction2.swift */,
				40749C472C28A42F0083B14F /* test.swift */,
				40749C482C28A42F0083B14F /* test2.swift */,
				40749C492C28A42F0083B14F /* TimeFormatting.swift */,
			);
			name = Helpers;
			path = ../../myStockApp/26123/Helpers;
			sourceTree = "<group>";
		};
		40749C4D2C28A42F0083B14F /* DataModel */ = {
			isa = PBXGroup;
			children = (
				40749C4B2C28A42F0083B14F /* DataController.swift */,
				40749C4C2C28A42F0083B14F /* Shoes.xcdatamodeld */,
			);
			name = DataModel;
			path = ../../myStockApp/26123/DataModel;
			sourceTree = "<group>";
		};
		40749C8C2C28A43D0083B14F /* AppIcon.appiconset */ = {
			isa = PBXGroup;
			children = (
				40749C7C2C28A43D0083B14F /* Contents.json */,
				40749C7D2C28A43D0083B14F /* myStockLaunchScreen3-20.png */,
				40749C7E2C28A43D0083B14F /* myStockLaunchScreen3-20@2x.png */,
				40749C7F2C28A43D0083B14F /* myStockLaunchScreen3-20@3x.png */,
				40749C802C28A43D0083B14F /* myStockLaunchScreen3-29.png */,
				40749C812C28A43D0083B14F /* myStockLaunchScreen3-29@2x.png */,
				40749C822C28A43D0083B14F /* myStockLaunchScreen3-29@3x.png */,
				40749C832C28A43D0083B14F /* myStockLaunchScreen3-40.png */,
				40749C842C28A43D0083B14F /* myStockLaunchScreen3-40@2x.png */,
				40749C852C28A43D0083B14F /* myStockLaunchScreen3-40@3x.png */,
				40749C862C28A43D0083B14F /* myStockLaunchScreen3-60@2x.png */,
				40749C872C28A43D0083B14F /* myStockLaunchScreen3-60@3x.png */,
				40749C882C28A43D0083B14F /* myStockLaunchScreen3-76.png */,
				40749C892C28A43D0083B14F /* myStockLaunchScreen3-76@2x.png */,
				40749C8A2C28A43D0083B14F /* myStockLaunchScreen3-83.5@2x.png */,
				40749C8B2C28A43D0083B14F /* myStockLaunchScreen3-1024.png */,
			);
			path = AppIcon.appiconset;
			sourceTree = "<group>";
		};
		40749C8D2C28A43D0083B14F /* iOS */ = {
			isa = PBXGroup;
			children = (
				40749C8C2C28A43D0083B14F /* AppIcon.appiconset */,
			);
			path = iOS;
			sourceTree = "<group>";
		};
		40749C902C28A43D0083B14F /* DetailSalesViews */ = {
			isa = PBXGroup;
			children = (
				40749C8E2C28A43D0083B14F /* BenefitsDetailView.swift */,
				40749C8F2C28A43D0083B14F /* SalesDetailViews.swift */,
			);
			path = DetailSalesViews;
			sourceTree = "<group>";
		};
		40749C932C28A43D0083B14F /* CearViews */ = {
			isa = PBXGroup;
			children = (
				40749C912C28A43D0083B14F /* DepositView.swift */,
				40749C922C28A43D0083B14F /* GearView.swift */,
			);
			path = CearViews;
			sourceTree = "<group>";
		};
		40749C9A2C28A43D0083B14F /* InfoViews */ = {
			isa = PBXGroup;
			children = (
				40749C932C28A43D0083B14F /* CearViews */,
				40749C942C28A43D0083B14F /* myInfoView.swift */,
				40749C952C28A43D0083B14F /* PackBrandView.swift */,
				40749C962C28A43D0083B14F /* PackSaleView.swift */,
				40749C972C28A43D0083B14F /* PackSizeView.swift */,
				40749C982C28A43D0083B14F /* ShoesByBrandView.swift */,
				40749C992C28A43D0083B14F /* ShoesBySizeView.swift */,
			);
			path = InfoViews;
			sourceTree = "<group>";
		};
		40749C9E2C28A43D0083B14F /* ItemAddViews */ = {
			isa = PBXGroup;
			children = (
				40749C9B2C28A43D0083B14F /* AddApparelView.swift */,
				40749C9C2C28A43D0083B14F /* AddShoesView.swift */,
				40749C9D2C28A43D0083B14F /* PremiumAddFastView.swift */,
			);
			path = ItemAddViews;
			sourceTree = "<group>";
		};
		40749CA12C28A43D0083B14F /* ItemEditViews */ = {
			isa = PBXGroup;
			children = (
				40749C9F2C28A43D0083B14F /* EditApparelView.swift */,
				40749CA02C28A43D0083B14F /* EditShoesView.swift */,
			);
			path = ItemEditViews;
			sourceTree = "<group>";
		};
		40749CA42C28A43D0083B14F /* ItemInfoSalesViews */ = {
			isa = PBXGroup;
			children = (
				40749CA22C28A43D0083B14F /* InfoSaleApparelView.swift */,
				40749CA32C28A43D0083B14F /* InfoSaleShoesView.swift */,
			);
			path = ItemInfoSalesViews;
			sourceTree = "<group>";
		};
		40749CA72C28A43D0083B14F /* ItemInfoViews */ = {
			isa = PBXGroup;
			children = (
				40749CA52C28A43D0083B14F /* InfoApparelView.swift */,
				40749CA62C28A43D0083B14F /* InfoShoesView.swift */,
			);
			path = ItemInfoViews;
			sourceTree = "<group>";
		};
		40749CAA2C28A43D0083B14F /* ItemListViews */ = {
			isa = PBXGroup;
			children = (
				40749CA82C28A43D0083B14F /* myApparelListView.swift */,
				40749CA92C28A43D0083B14F /* myShoesListView.swift */,
			);
			path = ItemListViews;
			sourceTree = "<group>";
		};
		40749CAD2C28A43D0083B14F /* EditViews */ = {
			isa = PBXGroup;
			children = (
				40749CAB2C28A43D0083B14F /* EditSellApparelView.swift */,
				40749CAC2C28A43D0083B14F /* EditSellShoesView.swift */,
			);
			path = EditViews;
			sourceTree = "<group>";
		};
		40749CB02C28A43D0083B14F /* ItemSellViews */ = {
			isa = PBXGroup;
			children = (
				40749CAD2C28A43D0083B14F /* EditViews */,
				40749CAE2C28A43D0083B14F /* SellApparelView.swift */,
				40749CAF2C28A43D0083B14F /* SellShoesView.swift */,
			);
			path = ItemSellViews;
			sourceTree = "<group>";
		};
		40749CB32C28A43D0083B14F /* PremiumViews */ = {
			isa = PBXGroup;
			children = (
				40749CB12C28A43D0083B14F /* PremiumView.swift */,
				40749CB22C28A43D0083B14F /* UserView.swift */,
			);
			path = PremiumViews;
			sourceTree = "<group>";
		};
		40749CBB2C28A43D0083B14F /* Views */ = {
			isa = PBXGroup;
			children = (
				40749C902C28A43D0083B14F /* DetailSalesViews */,
				40749C9A2C28A43D0083B14F /* InfoViews */,
				40749C9E2C28A43D0083B14F /* ItemAddViews */,
				40749CA12C28A43D0083B14F /* ItemEditViews */,
				40749CA42C28A43D0083B14F /* ItemInfoSalesViews */,
				40749CA72C28A43D0083B14F /* ItemInfoViews */,
				40749CAA2C28A43D0083B14F /* ItemListViews */,
				40749CB02C28A43D0083B14F /* ItemSellViews */,
				40749CB32C28A43D0083B14F /* PremiumViews */,
				40749CB42C28A43D0083B14F /* ContentView.swift */,
				40749CB52C28A43D0083B14F /* heart.swift */,
				40749CB62C28A43D0083B14F /* HomeView.swift */,
				40749CB72C28A43D0083B14F /* SalesHistory.swift */,
				40749CB82C28A43D0083B14F /* ShoesRecentlyDeletedView.swift */,
				40749CB92C28A43D0083B14F /* TabBarView.swift */,
				40749CBA2C28A43D0083B14F /* Test remove filter.swift */,
			);
			path = Views;
			sourceTree = "<group>";
		};
		40749CBF2C28A43D0083B14F /* ScanProject */ = {
			isa = PBXGroup;
			children = (
				40749CBC2C28A43D0083B14F /* AppViewModel.swift */,
				40749CBD2C28A43D0083B14F /* DataScannerView.swift */,
				40749CBE2C28A43D0083B14F /* ScanShoesView.swift */,
			);
			path = ScanProject;
			sourceTree = "<group>";
		};
		40749CC12C28A43D0083B14F /* InAppPurchase */ = {
			isa = PBXGroup;
			children = (
				40749CC02C28A43D0083B14F /* PrimeView.swift */,
			);
			path = InAppPurchase;
			sourceTree = "<group>";
		};
/* End PBXGroup section */

/* Begin PBXNativeTarget section */
		40749C0A2C28740D0083B14F /* test-sneakerstock-backup */ = {
			isa = PBXNativeTarget;
			buildConfigurationList = 40749C1B2C2874100083B14F /* Build configuration list for PBXNativeTarget "test-sneakerstock-backup" */;
			buildPhases = (
				40749C072C28740D0083B14F /* Sources */,
				40749C082C28740D0083B14F /* Frameworks */,
				40749C092C28740D0083B14F /* Resources */,
			);
			buildRules = (
			);
			dependencies = (
			);
			name = "test-sneakerstock-backup";
			packageProductDependencies = (
				4084E7192C28A65D00F4ED84 /* SwiftSoup */,
			);
			productName = "test-sneakerstock-backup";
			productReference = 40749C0B2C28740D0083B14F /* test-sneakerstock-backup.app */;
			productType = "com.apple.product-type.application";
		};
/* End PBXNativeTarget section */

/* Begin PBXProject section */
		40749C032C28740D0083B14F /* Project object */ = {
			isa = PBXProject;
			attributes = {
				BuildIndependentTargetsInParallel = 1;
				LastSwiftUpdateCheck = 1540;
				LastUpgradeCheck = 1540;
				TargetAttributes = {
					40749C0A2C28740D0083B14F = {
						CreatedOnToolsVersion = 15.4;
					};
				};
			};
			buildConfigurationList = 40749C062C28740D0083B14F /* Build configuration list for PBXProject "test-sneakerstock-backup" */;
			compatibilityVersion = "Xcode 14.0";
			developmentRegion = en;
			hasScannedForEncodings = 0;
			knownRegions = (
				en,
				Base,
			);
			mainGroup = 40749C022C28740D0083B14F;
			packageReferences = (
				4084E7182C28A65D00F4ED84 /* XCRemoteSwiftPackageReference "SwiftSoup" */,
			);
			productRefGroup = 40749C0C2C28740D0083B14F /* Products */;
			projectDirPath = "";
			projectRoot = "";
			targets = (
				40749C0A2C28740D0083B14F /* test-sneakerstock-backup */,
			);
		};
/* End PBXProject section */

/* Begin PBXResourcesBuildPhase section */
		40749C092C28740D0083B14F /* Resources */ = {
			isa = PBXResourcesBuildPhase;
			buildActionMask = 2147483647;
			files = (
				40749CD02C28A43D0083B14F /* myStockLaunchScreen3-83.5@2x.png in Resources */,
				40749CC92C28A43D0083B14F /* myStockLaunchScreen3-40.png in Resources */,
				40749C1F2C28A3B10083B14F /* Assets.xcassets in Resources */,
				40749CCE2C28A43D0083B14F /* myStockLaunchScreen3-76.png in Resources */,
				40749CC32C28A43D0083B14F /* myStockLaunchScreen3-20.png in Resources */,
				40749CC42C28A43D0083B14F /* myStockLaunchScreen3-20@2x.png in Resources */,
				40749CCA2C28A43D0083B14F /* myStockLaunchScreen3-40@2x.png in Resources */,
				40749CC52C28A43D0083B14F /* myStockLaunchScreen3-20@3x.png in Resources */,
				40749CCC2C28A43D0083B14F /* myStockLaunchScreen3-60@2x.png in Resources */,
				40749CCD2C28A43D0083B14F /* myStockLaunchScreen3-60@3x.png in Resources */,
				40749CC82C28A43D0083B14F /* myStockLaunchScreen3-29@3x.png in Resources */,
				40749CCB2C28A43D0083B14F /* myStockLaunchScreen3-40@3x.png in Resources */,
				40749CC72C28A43D0083B14F /* myStockLaunchScreen3-29@2x.png in Resources */,
				40749CCF2C28A43D0083B14F /* myStockLaunchScreen3-76@2x.png in Resources */,
				40749CD12C28A43D0083B14F /* myStockLaunchScreen3-1024.png in Resources */,
				40749CC62C28A43D0083B14F /* myStockLaunchScreen3-29.png in Resources */,
				40749CC22C28A43D0083B14F /* Contents.json in Resources */,
			);
			runOnlyForDeploymentPostprocessing = 0;
		};
/* End PBXResourcesBuildPhase section */

/* Begin PBXSourcesBuildPhase section */
		40749C072C28740D0083B14F /* Sources */ = {
			isa = PBXSourcesBuildPhase;
			buildActionMask = 2147483647;
			files = (
				40749CE62C28A43D0083B14F /* myShoesListView.swift in Sources */,
				40749CE42C28A43D0083B14F /* InfoShoesView.swift in Sources */,
				40749C6C2C28A4300083B14F /* ChartBarMonth.swift in Sources */,
				40749C762C28A4300083B14F /* myFunction2.swift in Sources */,
				40749C6A2C28A4300083B14F /* ChartBarDay.swift in Sources */,
				40749C5E2C28A4300083B14F /* InfoFunction.swift in Sources */,
				40749CEE2C28A43D0083B14F /* heart.swift in Sources */,
				40749C642C28A4300083B14F /* StringFunction.swift in Sources */,
				40749C5F2C28A4300083B14F /* MathFunction.swift in Sources */,
				40749CD32C28A43D0083B14F /* SalesDetailViews.swift in Sources */,
				40749C6B2C28A4300083B14F /* ChartBarDay2.swift in Sources */,
				40749CD42C28A43D0083B14F /* DepositView.swift in Sources */,
				40749C5B2C28A4300083B14F /* DoubleFunction.swift in Sources */,
				40749C592C28A4300083B14F /* CoreDataFunction.swift in Sources */,
				40749CEA2C28A43D0083B14F /* SellShoesView.swift in Sources */,
				40749C742C28A4300083B14F /* ShoesSalesCellView.swift in Sources */,
				40749CE32C28A43D0083B14F /* InfoApparelView.swift in Sources */,
				4084E71C2C28A8CF00F4ED84 /* _6123App.swift in Sources */,
				40749CDF2C28A43D0083B14F /* EditApparelView.swift in Sources */,
				40749CE12C28A43D0083B14F /* InfoSaleApparelView.swift in Sources */,
				40749CF32C28A43D0083B14F /* Test remove filter.swift in Sources */,
				40749C602C28A4300083B14F /* PriceFunction .swift in Sources */,
				40749CF22C28A43D0083B14F /* TabBarView.swift in Sources */,
				40749CEC2C28A43D0083B14F /* UserView.swift in Sources */,
				40749CF52C28A43D0083B14F /* DataScannerView.swift in Sources */,
				40749C582C28A42F0083B14F /* ColorFunction.swift in Sources */,
				40749CD82C28A43D0083B14F /* PackSaleView.swift in Sources */,
				40749C682C28A4300083B14F /* ScrapImageViewTester.swift in Sources */,
				40749CE52C28A43D0083B14F /* myApparelListView.swift in Sources */,
				40749C782C28A4300083B14F /* test2.swift in Sources */,
				40749C772C28A4300083B14F /* test.swift in Sources */,
				40749CD92C28A43D0083B14F /* PackSizeView.swift in Sources */,
				40749CE02C28A43D0083B14F /* EditShoesView.swift in Sources */,
				40749CDD2C28A43D0083B14F /* AddShoesView.swift in Sources */,
				40749CD62C28A43D0083B14F /* myInfoView.swift in Sources */,
				40749C662C28A4300083B14F /* UUIDFunction.swift in Sources */,
				40749CDE2C28A43D0083B14F /* PremiumAddFastView.swift in Sources */,
				40749C632C28A4300083B14F /* ShoesFunction.swift in Sources */,
				40749CD52C28A43D0083B14F /* GearView.swift in Sources */,
				40749CE92C28A43D0083B14F /* SellApparelView.swift in Sources */,
				40749CDC2C28A43D0083B14F /* AddApparelView.swift in Sources */,
				40749C552C28A42F0083B14F /* DoubleExtension.swift in Sources */,
				40749CF02C28A43D0083B14F /* SalesHistory.swift in Sources */,
				40749C612C28A4300083B14F /* refresh.swift in Sources */,
				40749C572C28A42F0083B14F /* BoolFonction.swift in Sources */,
				40749C7B2C28A4300083B14F /* Shoes.xcdatamodeld in Sources */,
				40749CDB2C28A43D0083B14F /* ShoesBySizeView.swift in Sources */,
				40749CE72C28A43D0083B14F /* EditSellApparelView.swift in Sources */,
				40749CEF2C28A43D0083B14F /* HomeView.swift in Sources */,
				40749CF72C28A43D0083B14F /* PrimeView.swift in Sources */,
				40749CF62C28A43D0083B14F /* ScanShoesView.swift in Sources */,
				40749C6F2C28A4300083B14F /* GetApparelImage.swift in Sources */,
				40749C792C28A4300083B14F /* TimeFormatting.swift in Sources */,
				40749C562C28A42F0083B14F /* ArrayFunction.swift in Sources */,
				40749CF42C28A43D0083B14F /* AppViewModel.swift in Sources */,
				40749C5A2C28A4300083B14F /* DepositFunction.swift in Sources */,
				40749C732C28A4300083B14F /* ShoesRecentlyDeletedCellView.swift in Sources */,
				40749C5C2C28A4300083B14F /* FetchedResultsFunction.swift in Sources */,
				40749CE82C28A43D0083B14F /* EditSellShoesView.swift in Sources */,
				40749C622C28A4300083B14F /* RelationFunction .swift in Sources */,
				40749C672C28A4300083B14F /* ScrapImageTester.swift in Sources */,
				40749C6D2C28A4300083B14F /* EmptyHistoryView.swift in Sources */,
				40749C712C28A4300083B14F /* PremiumCard.swift in Sources */,
				40749C542C28A42F0083B14F /* ArrayExtension.swift in Sources */,
				40749C652C28A4300083B14F /* TimeFunction.swift in Sources */,
				40749CD72C28A43D0083B14F /* PackBrandView.swift in Sources */,
				40749CF12C28A43D0083B14F /* ShoesRecentlyDeletedView.swift in Sources */,
				40749C5D2C28A4300083B14F /* ImageFunction.swift in Sources */,
				40749CEB2C28A43D0083B14F /* PremiumView.swift in Sources */,
				40749CED2C28A43D0083B14F /* ContentView.swift in Sources */,
				40749CE22C28A43D0083B14F /* InfoSaleShoesView.swift in Sources */,
				40749C692C28A4300083B14F /* ApparelSalesCellView.swift in Sources */,
				40749C6E2C28A4300083B14F /* EmptyListView.swift in Sources */,
				40749C702C28A4300083B14F /* GetShoesImage.swift in Sources */,
				40749C752C28A4300083B14F /* TextRectangle.swift in Sources */,
				40749C7A2C28A4300083B14F /* DataController.swift in Sources */,
				40749CD22C28A43D0083B14F /* BenefitsDetailView.swift in Sources */,
				40749CDA2C28A43D0083B14F /* ShoesByBrandView.swift in Sources */,
				40749C722C28A4300083B14F /* ShoesCellView.swift in Sources */,
			);
			runOnlyForDeploymentPostprocessing = 0;
		};
/* End PBXSourcesBuildPhase section */

/* Begin XCBuildConfiguration section */
		40749C192C2874100083B14F /* Debug */ = {
			isa = XCBuildConfiguration;
			buildSettings = {
				ALWAYS_SEARCH_USER_PATHS = NO;
				ASSETCATALOG_COMPILER_GENERATE_SWIFT_ASSET_SYMBOL_EXTENSIONS = YES;
				CLANG_ANALYZER_NONNULL = YES;
				CLANG_ANALYZER_NUMBER_OBJECT_CONVERSION = YES_AGGRESSIVE;
				CLANG_CXX_LANGUAGE_STANDARD = "gnu++20";
				CLANG_ENABLE_MODULES = YES;
				CLANG_ENABLE_OBJC_ARC = YES;
				CLANG_ENABLE_OBJC_WEAK = YES;
				CLANG_WARN_BLOCK_CAPTURE_AUTORELEASING = YES;
				CLANG_WARN_BOOL_CONVERSION = YES;
				CLANG_WARN_COMMA = YES;
				CLANG_WARN_CONSTANT_CONVERSION = YES;
				CLANG_WARN_DEPRECATED_OBJC_IMPLEMENTATIONS = YES;
				CLANG_WARN_DIRECT_OBJC_ISA_USAGE = YES_ERROR;
				CLANG_WARN_DOCUMENTATION_COMMENTS = YES;
				CLANG_WARN_EMPTY_BODY = YES;
				CLANG_WARN_ENUM_CONVERSION = YES;
				CLANG_WARN_INFINITE_RECURSION = YES;
				CLANG_WARN_INT_CONVERSION = YES;
				CLANG_WARN_NON_LITERAL_NULL_CONVERSION = YES;
				CLANG_WARN_OBJC_IMPLICIT_RETAIN_SELF = YES;
				CLANG_WARN_OBJC_LITERAL_CONVERSION = YES;
				CLANG_WARN_OBJC_ROOT_CLASS = YES_ERROR;
				CLANG_WARN_QUOTED_INCLUDE_IN_FRAMEWORK_HEADER = YES;
				CLANG_WARN_RANGE_LOOP_ANALYSIS = YES;
				CLANG_WARN_STRICT_PROTOTYPES = YES;
				CLANG_WARN_SUSPICIOUS_MOVE = YES;
				CLANG_WARN_UNGUARDED_AVAILABILITY = YES_AGGRESSIVE;
				CLANG_WARN_UNREACHABLE_CODE = YES;
				CLANG_WARN__DUPLICATE_METHOD_MATCH = YES;
				COPY_PHASE_STRIP = NO;
				DEBUG_INFORMATION_FORMAT = dwarf;
				ENABLE_STRICT_OBJC_MSGSEND = YES;
				ENABLE_TESTABILITY = YES;
				ENABLE_USER_SCRIPT_SANDBOXING = YES;
				GCC_C_LANGUAGE_STANDARD = gnu17;
				GCC_DYNAMIC_NO_PIC = NO;
				GCC_NO_COMMON_BLOCKS = YES;
				GCC_OPTIMIZATION_LEVEL = 0;
				GCC_PREPROCESSOR_DEFINITIONS = (
					"DEBUG=1",
					"$(inherited)",
				);
				GCC_WARN_64_TO_32_BIT_CONVERSION = YES;
				GCC_WARN_ABOUT_RETURN_TYPE = YES_ERROR;
				GCC_WARN_UNDECLARED_SELECTOR = YES;
				GCC_WARN_UNINITIALIZED_AUTOS = YES_AGGRESSIVE;
				GCC_WARN_UNUSED_FUNCTION = YES;
				GCC_WARN_UNUSED_VARIABLE = YES;
				IPHONEOS_DEPLOYMENT_TARGET = 17.5;
				LOCALIZATION_PREFERS_STRING_CATALOGS = YES;
				MTL_ENABLE_DEBUG_INFO = INCLUDE_SOURCE;
				MTL_FAST_MATH = YES;
				ONLY_ACTIVE_ARCH = YES;
				SDKROOT = iphoneos;
				SWIFT_ACTIVE_COMPILATION_CONDITIONS = "DEBUG $(inherited)";
				SWIFT_OPTIMIZATION_LEVEL = "-Onone";
			};
			name = Debug;
		};
		40749C1A2C2874100083B14F /* Release */ = {
			isa = XCBuildConfiguration;
			buildSettings = {
				ALWAYS_SEARCH_USER_PATHS = NO;
				ASSETCATALOG_COMPILER_GENERATE_SWIFT_ASSET_SYMBOL_EXTENSIONS = YES;
				CLANG_ANALYZER_NONNULL = YES;
				CLANG_ANALYZER_NUMBER_OBJECT_CONVERSION = YES_AGGRESSIVE;
				CLANG_CXX_LANGUAGE_STANDARD = "gnu++20";
				CLANG_ENABLE_MODULES = YES;
				CLANG_ENABLE_OBJC_ARC = YES;
				CLANG_ENABLE_OBJC_WEAK = YES;
				CLANG_WARN_BLOCK_CAPTURE_AUTORELEASING = YES;
				CLANG_WARN_BOOL_CONVERSION = YES;
				CLANG_WARN_COMMA = YES;
				CLANG_WARN_CONSTANT_CONVERSION = YES;
				CLANG_WARN_DEPRECATED_OBJC_IMPLEMENTATIONS = YES;
				CLANG_WARN_DIRECT_OBJC_ISA_USAGE = YES_ERROR;
				CLANG_WARN_DOCUMENTATION_COMMENTS = YES;
				CLANG_WARN_EMPTY_BODY = YES;
				CLANG_WARN_ENUM_CONVERSION = YES;
				CLANG_WARN_INFINITE_RECURSION = YES;
				CLANG_WARN_INT_CONVERSION = YES;
				CLANG_WARN_NON_LITERAL_NULL_CONVERSION = YES;
				CLANG_WARN_OBJC_IMPLICIT_RETAIN_SELF = YES;
				CLANG_WARN_OBJC_LITERAL_CONVERSION = YES;
				CLANG_WARN_OBJC_ROOT_CLASS = YES_ERROR;
				CLANG_WARN_QUOTED_INCLUDE_IN_FRAMEWORK_HEADER = YES;
				CLANG_WARN_RANGE_LOOP_ANALYSIS = YES;
				CLANG_WARN_STRICT_PROTOTYPES = YES;
				CLANG_WARN_SUSPICIOUS_MOVE = YES;
				CLANG_WARN_UNGUARDED_AVAILABILITY = YES_AGGRESSIVE;
				CLANG_WARN_UNREACHABLE_CODE = YES;
				CLANG_WARN__DUPLICATE_METHOD_MATCH = YES;
				COPY_PHASE_STRIP = NO;
				DEBUG_INFORMATION_FORMAT = "dwarf-with-dsym";
				ENABLE_NS_ASSERTIONS = NO;
				ENABLE_STRICT_OBJC_MSGSEND = YES;
				ENABLE_USER_SCRIPT_SANDBOXING = YES;
				GCC_C_LANGUAGE_STANDARD = gnu17;
				GCC_NO_COMMON_BLOCKS = YES;
				GCC_WARN_64_TO_32_BIT_CONVERSION = YES;
				GCC_WARN_ABOUT_RETURN_TYPE = YES_ERROR;
				GCC_WARN_UNDECLARED_SELECTOR = YES;
				GCC_WARN_UNINITIALIZED_AUTOS = YES_AGGRESSIVE;
				GCC_WARN_UNUSED_FUNCTION = YES;
				GCC_WARN_UNUSED_VARIABLE = YES;
				IPHONEOS_DEPLOYMENT_TARGET = 17.5;
				LOCALIZATION_PREFERS_STRING_CATALOGS = YES;
				MTL_ENABLE_DEBUG_INFO = NO;
				MTL_FAST_MATH = YES;
				SDKROOT = iphoneos;
				SWIFT_COMPILATION_MODE = wholemodule;
				VALIDATE_PRODUCT = YES;
			};
			name = Release;
		};
		40749C1C2C2874100083B14F /* Debug */ = {
			isa = XCBuildConfiguration;
			buildSettings = {
				ASSETCATALOG_COMPILER_APPICON_NAME = AppIcon;
				ASSETCATALOG_COMPILER_GLOBAL_ACCENT_COLOR_NAME = AccentColor;
				CODE_SIGN_STYLE = Automatic;
				CURRENT_PROJECT_VERSION = 1;
				DEVELOPMENT_TEAM = PMVF88KT9V;
				ENABLE_PREVIEWS = YES;
				GENERATE_INFOPLIST_FILE = YES;
				INFOPLIST_KEY_UIApplicationSceneManifest_Generation = YES;
				INFOPLIST_KEY_UIApplicationSupportsIndirectInputEvents = YES;
				INFOPLIST_KEY_UILaunchScreen_Generation = YES;
				INFOPLIST_KEY_UIStatusBarStyle = "";
				INFOPLIST_KEY_UISupportedInterfaceOrientations_iPad = "UIInterfaceOrientationPortrait UIInterfaceOrientationPortraitUpsideDown UIInterfaceOrientationLandscapeLeft UIInterfaceOrientationLandscapeRight";
				INFOPLIST_KEY_UISupportedInterfaceOrientations_iPhone = "UIInterfaceOrientationPortrait UIInterfaceOrientationLandscapeLeft UIInterfaceOrientationLandscapeRight";
				INFOPLIST_KEY_UIUserInterfaceStyle = light;
				LD_RUNPATH_SEARCH_PATHS = (
					"$(inherited)",
					"@executable_path/Frameworks",
				);
				MARKETING_VERSION = 1.0;
				PRODUCT_BUNDLE_IDENTIFIER = myr.mystockapp.com;
				PRODUCT_NAME = "$(TARGET_NAME)";
				SUPPORTED_PLATFORMS = "iphoneos iphonesimulator";
				SUPPORTS_MACCATALYST = NO;
				SUPPORTS_XR_DESIGNED_FOR_IPHONE_IPAD = NO;
				SWIFT_EMIT_LOC_STRINGS = YES;
				SWIFT_VERSION = 5.0;
				TARGETED_DEVICE_FAMILY = "1,2";
			};
			name = Debug;
		};
		40749C1D2C2874100083B14F /* Release */ = {
			isa = XCBuildConfiguration;
			buildSettings = {
				ASSETCATALOG_COMPILER_APPICON_NAME = AppIcon;
				ASSETCATALOG_COMPILER_GLOBAL_ACCENT_COLOR_NAME = AccentColor;
				CODE_SIGN_STYLE = Automatic;
				CURRENT_PROJECT_VERSION = 1;
				DEVELOPMENT_TEAM = PMVF88KT9V;
				ENABLE_PREVIEWS = YES;
				GENERATE_INFOPLIST_FILE = YES;
				INFOPLIST_KEY_UIApplicationSceneManifest_Generation = YES;
				INFOPLIST_KEY_UIApplicationSupportsIndirectInputEvents = YES;
				INFOPLIST_KEY_UILaunchScreen_Generation = YES;
				INFOPLIST_KEY_UIStatusBarStyle = "";
				INFOPLIST_KEY_UISupportedInterfaceOrientations_iPad = "UIInterfaceOrientationPortrait UIInterfaceOrientationPortraitUpsideDown UIInterfaceOrientationLandscapeLeft UIInterfaceOrientationLandscapeRight";
				INFOPLIST_KEY_UISupportedInterfaceOrientations_iPhone = "UIInterfaceOrientationPortrait UIInterfaceOrientationLandscapeLeft UIInterfaceOrientationLandscapeRight";
				INFOPLIST_KEY_UIUserInterfaceStyle = light;
				LD_RUNPATH_SEARCH_PATHS = (
					"$(inherited)",
					"@executable_path/Frameworks",
				);
				MARKETING_VERSION = 1.0;
				PRODUCT_BUNDLE_IDENTIFIER = myr.mystockapp.com;
				PRODUCT_NAME = "$(TARGET_NAME)";
				SUPPORTED_PLATFORMS = "iphoneos iphonesimulator";
				SUPPORTS_MACCATALYST = NO;
				SUPPORTS_XR_DESIGNED_FOR_IPHONE_IPAD = NO;
				SWIFT_EMIT_LOC_STRINGS = YES;
				SWIFT_VERSION = 5.0;
				TARGETED_DEVICE_FAMILY = "1,2";
			};
			name = Release;
		};
/* End XCBuildConfiguration section */

/* Begin XCConfigurationList section */
		40749C062C28740D0083B14F /* Build configuration list for PBXProject "test-sneakerstock-backup" */ = {
			isa = XCConfigurationList;
			buildConfigurations = (
				40749C192C2874100083B14F /* Debug */,
				40749C1A2C2874100083B14F /* Release */,
			);
			defaultConfigurationIsVisible = 0;
			defaultConfigurationName = Release;
		};
		40749C1B2C2874100083B14F /* Build configuration list for PBXNativeTarget "test-sneakerstock-backup" */ = {
			isa = XCConfigurationList;
			buildConfigurations = (
				40749C1C2C2874100083B14F /* Debug */,
				40749C1D2C2874100083B14F /* Release */,
			);
			defaultConfigurationIsVisible = 0;
			defaultConfigurationName = Release;
		};
/* End XCConfigurationList section */

/* Begin XCRemoteSwiftPackageReference section */
		4084E7182C28A65D00F4ED84 /* XCRemoteSwiftPackageReference "SwiftSoup" */ = {
			isa = XCRemoteSwiftPackageReference;
			repositoryURL = "https://github.com/scinfu/SwiftSoup.git";
			requirement = {
				kind = upToNextMajorVersion;
				minimumVersion = 2.7.2;
			};
		};
/* End XCRemoteSwiftPackageReference section */

/* Begin XCSwiftPackageProductDependency section */
		4084E7192C28A65D00F4ED84 /* SwiftSoup */ = {
			isa = XCSwiftPackageProductDependency;
			package = 4084E7182C28A65D00F4ED84 /* XCRemoteSwiftPackageReference "SwiftSoup" */;
			productName = SwiftSoup;
		};
/* End XCSwiftPackageProductDependency section */

/* Begin XCVersionGroup section */
		40749C4C2C28A42F0083B14F /* Shoes.xcdatamodeld */ = {
			isa = XCVersionGroup;
			children = (
				40749C4E2C28A42F0083B14F /* ItemModel 2.xcdatamodel */,
				40749C4F2C28A42F0083B14F /* ItemModel 4.xcdatamodel */,
				40749C502C28A42F0083B14F /* ItemModel.xcdatamodel */,
				40749C512C28A42F0083B14F /* ItemModel 3.xcdatamodel */,
				40749C522C28A42F0083B14F /* ItemModel 6.xcdatamodel */,
				40749C532C28A42F0083B14F /* ItemModel 5.xcdatamodel */,
			);
			currentVersion = 40749C522C28A42F0083B14F /* ItemModel 6.xcdatamodel */;
			name = Shoes.xcdatamodeld;
			path = /Users/ewan/Documents/xcodeProjects/myStockApp/26123/DataModel/Shoes.xcdatamodeld;
			sourceTree = "<group>";
			versionGroupType = wrapper.xcdatamodel;
		};
/* End XCVersionGroup section */
	};
	rootObject = 40749C032C28740D0083B14F /* Project object */;
}
