// !$*UTF8*$!
{
	archiveVersion = 1;
	classes = {
	};
	objectVersion = 56;
	objects = {

/* Begin PBXBuildFile section */
		402648292C2C55A8005BF4CF /* _6123App.swift in Sources */ = {isa = PBXBuildFile; fileRef = 402648282C2C55A8005BF4CF /* _6123App.swift */; };
		402648A52C2C55B8005BF4CF /* ArrayExtension.swift in Sources */ = {isa = PBXBuildFile; fileRef = 4026482A2C2C55B7005BF4CF /* ArrayExtension.swift */; };
		402648A62C2C55B8005BF4CF /* DoubleExtension.swift in Sources */ = {isa = PBXBuildFile; fileRef = 4026482B2C2C55B7005BF4CF /* DoubleExtension.swift */; };
		402648A72C2C55B8005BF4CF /* ArrayFunction.swift in Sources */ = {isa = PBXBuildFile; fileRef = 4026482D2C2C55B7005BF4CF /* ArrayFunction.swift */; };
		402648A82C2C55B8005BF4CF /* BoolFonction.swift in Sources */ = {isa = PBXBuildFile; fileRef = 4026482E2C2C55B7005BF4CF /* BoolFonction.swift */; };
		402648A92C2C55B8005BF4CF /* ColorFunction.swift in Sources */ = {isa = PBXBuildFile; fileRef = 4026482F2C2C55B7005BF4CF /* ColorFunction.swift */; };
		402648AA2C2C55B8005BF4CF /* CoreDataFunction.swift in Sources */ = {isa = PBXBuildFile; fileRef = 402648302C2C55B7005BF4CF /* CoreDataFunction.swift */; };
		402648AB2C2C55B8005BF4CF /* DepositFunction.swift in Sources */ = {isa = PBXBuildFile; fileRef = 402648312C2C55B7005BF4CF /* DepositFunction.swift */; };
		402648AC2C2C55B8005BF4CF /* DoubleFunction.swift in Sources */ = {isa = PBXBuildFile; fileRef = 402648322C2C55B7005BF4CF /* DoubleFunction.swift */; };
		402648AD2C2C55B8005BF4CF /* FetchedResultsFunction.swift in Sources */ = {isa = PBXBuildFile; fileRef = 402648332C2C55B7005BF4CF /* FetchedResultsFunction.swift */; };
		402648AE2C2C55B8005BF4CF /* ImageFunction.swift in Sources */ = {isa = PBXBuildFile; fileRef = 402648342C2C55B7005BF4CF /* ImageFunction.swift */; };
		402648AF2C2C55B8005BF4CF /* InfoFunction.swift in Sources */ = {isa = PBXBuildFile; fileRef = 402648352C2C55B7005BF4CF /* InfoFunction.swift */; };
		402648B02C2C55B8005BF4CF /* MathFunction.swift in Sources */ = {isa = PBXBuildFile; fileRef = 402648362C2C55B7005BF4CF /* MathFunction.swift */; };
		402648B12C2C55B8005BF4CF /* PriceFunction .swift in Sources */ = {isa = PBXBuildFile; fileRef = 402648372C2C55B7005BF4CF /* PriceFunction .swift */; };
		402648B22C2C55B8005BF4CF /* refresh.swift in Sources */ = {isa = PBXBuildFile; fileRef = 402648382C2C55B7005BF4CF /* refresh.swift */; };
		402648B32C2C55B8005BF4CF /* RelationFunction .swift in Sources */ = {isa = PBXBuildFile; fileRef = 402648392C2C55B7005BF4CF /* RelationFunction .swift */; };
		402648B42C2C55B8005BF4CF /* ShoesFunction.swift in Sources */ = {isa = PBXBuildFile; fileRef = 4026483A2C2C55B7005BF4CF /* ShoesFunction.swift */; };
		402648B52C2C55B8005BF4CF /* StringFunction.swift in Sources */ = {isa = PBXBuildFile; fileRef = 4026483B2C2C55B7005BF4CF /* StringFunction.swift */; };
		402648B62C2C55B8005BF4CF /* TimeFunction.swift in Sources */ = {isa = PBXBuildFile; fileRef = 4026483C2C2C55B7005BF4CF /* TimeFunction.swift */; };
		402648B72C2C55B8005BF4CF /* UUIDFunction.swift in Sources */ = {isa = PBXBuildFile; fileRef = 4026483D2C2C55B7005BF4CF /* UUIDFunction.swift */; };
		402648B82C2C55B8005BF4CF /* ScrapImageTester.swift in Sources */ = {isa = PBXBuildFile; fileRef = 4026483F2C2C55B7005BF4CF /* ScrapImageTester.swift */; };
		402648B92C2C55B8005BF4CF /* ScrapImageViewTester.swift in Sources */ = {isa = PBXBuildFile; fileRef = 402648402C2C55B7005BF4CF /* ScrapImageViewTester.swift */; };
		402648BA2C2C55B8005BF4CF /* ApparelSalesCellView.swift in Sources */ = {isa = PBXBuildFile; fileRef = 402648422C2C55B7005BF4CF /* ApparelSalesCellView.swift */; };
		402648BB2C2C55B8005BF4CF /* ChartBarDay.swift in Sources */ = {isa = PBXBuildFile; fileRef = 402648432C2C55B7005BF4CF /* ChartBarDay.swift */; };
		402648BC2C2C55B8005BF4CF /* ChartBarDay2.swift in Sources */ = {isa = PBXBuildFile; fileRef = 402648442C2C55B7005BF4CF /* ChartBarDay2.swift */; };
		402648BD2C2C55B8005BF4CF /* ChartBarMonth.swift in Sources */ = {isa = PBXBuildFile; fileRef = 402648452C2C55B7005BF4CF /* ChartBarMonth.swift */; };
		402648BE2C2C55B8005BF4CF /* EmptyHistoryView.swift in Sources */ = {isa = PBXBuildFile; fileRef = 402648462C2C55B7005BF4CF /* EmptyHistoryView.swift */; };
		402648BF2C2C55B8005BF4CF /* EmptyListView.swift in Sources */ = {isa = PBXBuildFile; fileRef = 402648472C2C55B7005BF4CF /* EmptyListView.swift */; };
		402648C02C2C55B8005BF4CF /* GetApparelImage.swift in Sources */ = {isa = PBXBuildFile; fileRef = 402648482C2C55B7005BF4CF /* GetApparelImage.swift */; };
		402648C12C2C55B8005BF4CF /* GetShoesImage.swift in Sources */ = {isa = PBXBuildFile; fileRef = 402648492C2C55B7005BF4CF /* GetShoesImage.swift */; };
		402648C22C2C55B8005BF4CF /* PremiumCard.swift in Sources */ = {isa = PBXBuildFile; fileRef = 4026484A2C2C55B7005BF4CF /* PremiumCard.swift */; };
		402648C32C2C55B8005BF4CF /* ShoesCellView.swift in Sources */ = {isa = PBXBuildFile; fileRef = 4026484B2C2C55B7005BF4CF /* ShoesCellView.swift */; };
		402648C42C2C55B8005BF4CF /* ShoesRecentlyDeletedCellView.swift in Sources */ = {isa = PBXBuildFile; fileRef = 4026484C2C2C55B7005BF4CF /* ShoesRecentlyDeletedCellView.swift */; };
		402648C52C2C55B8005BF4CF /* ShoesSalesCellView.swift in Sources */ = {isa = PBXBuildFile; fileRef = 4026484D2C2C55B7005BF4CF /* ShoesSalesCellView.swift */; };
		402648C62C2C55B8005BF4CF /* TextRectangle.swift in Sources */ = {isa = PBXBuildFile; fileRef = 4026484E2C2C55B7005BF4CF /* TextRectangle.swift */; };
		402648C72C2C55B8005BF4CF /* myFunction2.swift in Sources */ = {isa = PBXBuildFile; fileRef = 402648502C2C55B7005BF4CF /* myFunction2.swift */; };
		402648C82C2C55B8005BF4CF /* test.swift in Sources */ = {isa = PBXBuildFile; fileRef = 402648512C2C55B7005BF4CF /* test.swift */; };
		402648C92C2C55B8005BF4CF /* test2.swift in Sources */ = {isa = PBXBuildFile; fileRef = 402648522C2C55B7005BF4CF /* test2.swift */; };
		402648CA2C2C55B8005BF4CF /* TimeFormatting.swift in Sources */ = {isa = PBXBuildFile; fileRef = 402648532C2C55B7005BF4CF /* TimeFormatting.swift */; };
		402648CB2C2C55B8005BF4CF /* BenefitsDetailView.swift in Sources */ = {isa = PBXBuildFile; fileRef = 402648552C2C55B8005BF4CF /* BenefitsDetailView.swift */; };
		402648CC2C2C55B8005BF4CF /* SalesDetailViews.swift in Sources */ = {isa = PBXBuildFile; fileRef = 402648562C2C55B8005BF4CF /* SalesDetailViews.swift */; };
		402648CD2C2C55B8005BF4CF /* DepositView.swift in Sources */ = {isa = PBXBuildFile; fileRef = 402648582C2C55B8005BF4CF /* DepositView.swift */; };
		402648CE2C2C55B8005BF4CF /* GearView.swift in Sources */ = {isa = PBXBuildFile; fileRef = 402648592C2C55B8005BF4CF /* GearView.swift */; };
		402648CF2C2C55B8005BF4CF /* myInfoView.swift in Sources */ = {isa = PBXBuildFile; fileRef = 4026485B2C2C55B8005BF4CF /* myInfoView.swift */; };
		402648D02C2C55B8005BF4CF /* PackBrandView.swift in Sources */ = {isa = PBXBuildFile; fileRef = 4026485C2C2C55B8005BF4CF /* PackBrandView.swift */; };
		402648D12C2C55B8005BF4CF /* PackSaleView.swift in Sources */ = {isa = PBXBuildFile; fileRef = 4026485D2C2C55B8005BF4CF /* PackSaleView.swift */; };
		402648D22C2C55B8005BF4CF /* PackSizeView.swift in Sources */ = {isa = PBXBuildFile; fileRef = 4026485E2C2C55B8005BF4CF /* PackSizeView.swift */; };
		402648D32C2C55B8005BF4CF /* ShoesByBrandView.swift in Sources */ = {isa = PBXBuildFile; fileRef = 4026485F2C2C55B8005BF4CF /* ShoesByBrandView.swift */; };
		402648D42C2C55B8005BF4CF /* ShoesBySizeView.swift in Sources */ = {isa = PBXBuildFile; fileRef = 402648602C2C55B8005BF4CF /* ShoesBySizeView.swift */; };
		402648D52C2C55B8005BF4CF /* AddApparelView.swift in Sources */ = {isa = PBXBuildFile; fileRef = 402648622C2C55B8005BF4CF /* AddApparelView.swift */; };
		402648D62C2C55B8005BF4CF /* AddShoesView.swift in Sources */ = {isa = PBXBuildFile; fileRef = 402648632C2C55B8005BF4CF /* AddShoesView.swift */; };
		402648D72C2C55B8005BF4CF /* PremiumAddFastView.swift in Sources */ = {isa = PBXBuildFile; fileRef = 402648642C2C55B8005BF4CF /* PremiumAddFastView.swift */; };
		402648D82C2C55B8005BF4CF /* EditApparelView.swift in Sources */ = {isa = PBXBuildFile; fileRef = 402648662C2C55B8005BF4CF /* EditApparelView.swift */; };
		402648D92C2C55B8005BF4CF /* EditShoesView.swift in Sources */ = {isa = PBXBuildFile; fileRef = 402648672C2C55B8005BF4CF /* EditShoesView.swift */; };
		402648DA2C2C55B8005BF4CF /* InfoSaleApparelView.swift in Sources */ = {isa = PBXBuildFile; fileRef = 402648692C2C55B8005BF4CF /* InfoSaleApparelView.swift */; };
		402648DB2C2C55B8005BF4CF /* InfoSaleShoesView.swift in Sources */ = {isa = PBXBuildFile; fileRef = 4026486A2C2C55B8005BF4CF /* InfoSaleShoesView.swift */; };
		402648DC2C2C55B8005BF4CF /* InfoApparelView.swift in Sources */ = {isa = PBXBuildFile; fileRef = 4026486C2C2C55B8005BF4CF /* InfoApparelView.swift */; };
		402648DD2C2C55B8005BF4CF /* InfoShoesView.swift in Sources */ = {isa = PBXBuildFile; fileRef = 4026486D2C2C55B8005BF4CF /* InfoShoesView.swift */; };
		402648DE2C2C55B8005BF4CF /* myApparelListView.swift in Sources */ = {isa = PBXBuildFile; fileRef = 4026486F2C2C55B8005BF4CF /* myApparelListView.swift */; };
		402648DF2C2C55B8005BF4CF /* myShoesListView.swift in Sources */ = {isa = PBXBuildFile; fileRef = 402648702C2C55B8005BF4CF /* myShoesListView.swift */; };
		402648E02C2C55B8005BF4CF /* EditSellApparelView.swift in Sources */ = {isa = PBXBuildFile; fileRef = 402648722C2C55B8005BF4CF /* EditSellApparelView.swift */; };
		402648E12C2C55B8005BF4CF /* EditSellShoesView.swift in Sources */ = {isa = PBXBuildFile; fileRef = 402648732C2C55B8005BF4CF /* EditSellShoesView.swift */; };
		402648E22C2C55B8005BF4CF /* SellApparelView.swift in Sources */ = {isa = PBXBuildFile; fileRef = 402648752C2C55B8005BF4CF /* SellApparelView.swift */; };
		402648E32C2C55B8005BF4CF /* SellShoesView.swift in Sources */ = {isa = PBXBuildFile; fileRef = 402648762C2C55B8005BF4CF /* SellShoesView.swift */; };
		402648E42C2C55B8005BF4CF /* PremiumView.swift in Sources */ = {isa = PBXBuildFile; fileRef = 402648782C2C55B8005BF4CF /* PremiumView.swift */; };
		402648E52C2C55B8005BF4CF /* UserView.swift in Sources */ = {isa = PBXBuildFile; fileRef = 402648792C2C55B8005BF4CF /* UserView.swift */; };
		402648E62C2C55B8005BF4CF /* ContentView.swift in Sources */ = {isa = PBXBuildFile; fileRef = 4026487B2C2C55B8005BF4CF /* ContentView.swift */; };
		402648E72C2C55B8005BF4CF /* heart.swift in Sources */ = {isa = PBXBuildFile; fileRef = 4026487C2C2C55B8005BF4CF /* heart.swift */; };
		402648E82C2C55B8005BF4CF /* HomeView.swift in Sources */ = {isa = PBXBuildFile; fileRef = 4026487D2C2C55B8005BF4CF /* HomeView.swift */; };
		402648E92C2C55B8005BF4CF /* SalesHistory.swift in Sources */ = {isa = PBXBuildFile; fileRef = 4026487E2C2C55B8005BF4CF /* SalesHistory.swift */; };
		402648EA2C2C55B8005BF4CF /* ShoesRecentlyDeletedView.swift in Sources */ = {isa = PBXBuildFile; fileRef = 4026487F2C2C55B8005BF4CF /* ShoesRecentlyDeletedView.swift */; };
		402648EB2C2C55B8005BF4CF /* TabBarView.swift in Sources */ = {isa = PBXBuildFile; fileRef = 402648802C2C55B8005BF4CF /* TabBarView.swift */; };
		402648EC2C2C55B8005BF4CF /* Test remove filter.swift in Sources */ = {isa = PBXBuildFile; fileRef = 402648812C2C55B8005BF4CF /* Test remove filter.swift */; };
		402648ED2C2C55B8005BF4CF /* Assets.xcassets in Resources */ = {isa = PBXBuildFile; fileRef = 402648832C2C55B8005BF4CF /* Assets.xcassets */; };
		402648EE2C2C55B8005BF4CF /* AppViewModel.swift in Sources */ = {isa = PBXBuildFile; fileRef = 402648842C2C55B8005BF4CF /* AppViewModel.swift */; };
		402648EF2C2C55B9005BF4CF /* DataScannerView.swift in Sources */ = {isa = PBXBuildFile; fileRef = 402648852C2C55B8005BF4CF /* DataScannerView.swift */; };
		402648F02C2C55B9005BF4CF /* ScanShoesView.swift in Sources */ = {isa = PBXBuildFile; fileRef = 402648862C2C55B8005BF4CF /* ScanShoesView.swift */; };
		402648F12C2C55B9005BF4CF /* PrimeView.swift in Sources */ = {isa = PBXBuildFile; fileRef = 402648882C2C55B8005BF4CF /* PrimeView.swift */; };
		402648F22C2C55B9005BF4CF /* DataController.swift in Sources */ = {isa = PBXBuildFile; fileRef = 4026488A2C2C55B8005BF4CF /* DataController.swift */; };
		402648F32C2C55B9005BF4CF /* Shoes.xcdatamodeld in Sources */ = {isa = PBXBuildFile; fileRef = 4026488B2C2C55B8005BF4CF /* Shoes.xcdatamodeld */; };
		402648F42C2C55B9005BF4CF /* Contents.json in Resources */ = {isa = PBXBuildFile; fileRef = 402648932C2C55B8005BF4CF /* Contents.json */; };
		402648F52C2C55B9005BF4CF /* myStockLaunchScreen3-20.png in Resources */ = {isa = PBXBuildFile; fileRef = 402648942C2C55B8005BF4CF /* myStockLaunchScreen3-20.png */; };
		402648F62C2C55B9005BF4CF /* myStockLaunchScreen3-20@2x.png in Resources */ = {isa = PBXBuildFile; fileRef = 402648952C2C55B8005BF4CF /* myStockLaunchScreen3-20@2x.png */; };
		402648F72C2C55B9005BF4CF /* myStockLaunchScreen3-20@3x.png in Resources */ = {isa = PBXBuildFile; fileRef = 402648962C2C55B8005BF4CF /* myStockLaunchScreen3-20@3x.png */; };
		402648F82C2C55B9005BF4CF /* myStockLaunchScreen3-29.png in Resources */ = {isa = PBXBuildFile; fileRef = 402648972C2C55B8005BF4CF /* myStockLaunchScreen3-29.png */; };
		402648F92C2C55B9005BF4CF /* myStockLaunchScreen3-29@2x.png in Resources */ = {isa = PBXBuildFile; fileRef = 402648982C2C55B8005BF4CF /* myStockLaunchScreen3-29@2x.png */; };
		402648FA2C2C55B9005BF4CF /* myStockLaunchScreen3-29@3x.png in Resources */ = {isa = PBXBuildFile; fileRef = 402648992C2C55B8005BF4CF /* myStockLaunchScreen3-29@3x.png */; };
		402648FB2C2C55B9005BF4CF /* myStockLaunchScreen3-40.png in Resources */ = {isa = PBXBuildFile; fileRef = 4026489A2C2C55B8005BF4CF /* myStockLaunchScreen3-40.png */; };
		402648FC2C2C55B9005BF4CF /* myStockLaunchScreen3-40@2x.png in Resources */ = {isa = PBXBuildFile; fileRef = 4026489B2C2C55B8005BF4CF /* myStockLaunchScreen3-40@2x.png */; };
		402648FD2C2C55B9005BF4CF /* myStockLaunchScreen3-40@3x.png in Resources */ = {isa = PBXBuildFile; fileRef = 4026489C2C2C55B8005BF4CF /* myStockLaunchScreen3-40@3x.png */; };
		402648FE2C2C55B9005BF4CF /* myStockLaunchScreen3-60@2x.png in Resources */ = {isa = PBXBuildFile; fileRef = 4026489D2C2C55B8005BF4CF /* myStockLaunchScreen3-60@2x.png */; };
		402648FF2C2C55B9005BF4CF /* myStockLaunchScreen3-60@3x.png in Resources */ = {isa = PBXBuildFile; fileRef = 4026489E2C2C55B8005BF4CF /* myStockLaunchScreen3-60@3x.png */; };
		402649002C2C55B9005BF4CF /* myStockLaunchScreen3-76.png in Resources */ = {isa = PBXBuildFile; fileRef = 4026489F2C2C55B8005BF4CF /* myStockLaunchScreen3-76.png */; };
		402649012C2C55B9005BF4CF /* myStockLaunchScreen3-76@2x.png in Resources */ = {isa = PBXBuildFile; fileRef = 402648A02C2C55B8005BF4CF /* myStockLaunchScreen3-76@2x.png */; };
		402649022C2C55B9005BF4CF /* myStockLaunchScreen3-83.5@2x.png in Resources */ = {isa = PBXBuildFile; fileRef = 402648A12C2C55B8005BF4CF /* myStockLaunchScreen3-83.5@2x.png */; };
		402649032C2C55B9005BF4CF /* myStockLaunchScreen3-1024.png in Resources */ = {isa = PBXBuildFile; fileRef = 402648A22C2C55B8005BF4CF /* myStockLaunchScreen3-1024.png */; };
		402649062C2C5811005BF4CF /* SwiftSoup in Frameworks */ = {isa = PBXBuildFile; productRef = 402649052C2C5811005BF4CF /* SwiftSoup */; };
/* End PBXBuildFile section */

/* Begin PBXFileReference section */
		402648152C2C556A005BF4CF /* sneakerstockAppBackup.app */ = {isa = PBXFileReference; explicitFileType = wrapper.application; includeInIndex = 0; path = sneakerstockAppBackup.app; sourceTree = BUILT_PRODUCTS_DIR; };
		402648282C2C55A8005BF4CF /* _6123App.swift */ = {isa = PBXFileReference; fileEncoding = 4; lastKnownFileType = sourcecode.swift; name = _6123App.swift; path = ../../myStockApp/26123/_6123App.swift; sourceTree = "<group>"; };
		4026482A2C2C55B7005BF4CF /* ArrayExtension.swift */ = {isa = PBXFileReference; fileEncoding = 4; lastKnownFileType = sourcecode.swift; path = ArrayExtension.swift; sourceTree = "<group>"; };
		4026482B2C2C55B7005BF4CF /* DoubleExtension.swift */ = {isa = PBXFileReference; fileEncoding = 4; lastKnownFileType = sourcecode.swift; path = DoubleExtension.swift; sourceTree = "<group>"; };
		4026482D2C2C55B7005BF4CF /* ArrayFunction.swift */ = {isa = PBXFileReference; fileEncoding = 4; lastKnownFileType = sourcecode.swift; path = ArrayFunction.swift; sourceTree = "<group>"; };
		4026482E2C2C55B7005BF4CF /* BoolFonction.swift */ = {isa = PBXFileReference; fileEncoding = 4; lastKnownFileType = sourcecode.swift; path = BoolFonction.swift; sourceTree = "<group>"; };
		4026482F2C2C55B7005BF4CF /* ColorFunction.swift */ = {isa = PBXFileReference; fileEncoding = 4; lastKnownFileType = sourcecode.swift; path = ColorFunction.swift; sourceTree = "<group>"; };
		402648302C2C55B7005BF4CF /* CoreDataFunction.swift */ = {isa = PBXFileReference; fileEncoding = 4; lastKnownFileType = sourcecode.swift; path = CoreDataFunction.swift; sourceTree = "<group>"; };
		402648312C2C55B7005BF4CF /* DepositFunction.swift */ = {isa = PBXFileReference; fileEncoding = 4; lastKnownFileType = sourcecode.swift; path = DepositFunction.swift; sourceTree = "<group>"; };
		402648322C2C55B7005BF4CF /* DoubleFunction.swift */ = {isa = PBXFileReference; fileEncoding = 4; lastKnownFileType = sourcecode.swift; path = DoubleFunction.swift; sourceTree = "<group>"; };
		402648332C2C55B7005BF4CF /* FetchedResultsFunction.swift */ = {isa = PBXFileReference; fileEncoding = 4; lastKnownFileType = sourcecode.swift; path = FetchedResultsFunction.swift; sourceTree = "<group>"; };
		402648342C2C55B7005BF4CF /* ImageFunction.swift */ = {isa = PBXFileReference; fileEncoding = 4; lastKnownFileType = sourcecode.swift; path = ImageFunction.swift; sourceTree = "<group>"; };
		402648352C2C55B7005BF4CF /* InfoFunction.swift */ = {isa = PBXFileReference; fileEncoding = 4; lastKnownFileType = sourcecode.swift; path = InfoFunction.swift; sourceTree = "<group>"; };
		402648362C2C55B7005BF4CF /* MathFunction.swift */ = {isa = PBXFileReference; fileEncoding = 4; lastKnownFileType = sourcecode.swift; path = MathFunction.swift; sourceTree = "<group>"; };
		402648372C2C55B7005BF4CF /* PriceFunction .swift */ = {isa = PBXFileReference; fileEncoding = 4; lastKnownFileType = sourcecode.swift; path = "PriceFunction .swift"; sourceTree = "<group>"; };
		402648382C2C55B7005BF4CF /* refresh.swift */ = {isa = PBXFileReference; fileEncoding = 4; lastKnownFileType = sourcecode.swift; path = refresh.swift; sourceTree = "<group>"; };
		402648392C2C55B7005BF4CF /* RelationFunction .swift */ = {isa = PBXFileReference; fileEncoding = 4; lastKnownFileType = sourcecode.swift; path = "RelationFunction .swift"; sourceTree = "<group>"; };
		4026483A2C2C55B7005BF4CF /* ShoesFunction.swift */ = {isa = PBXFileReference; fileEncoding = 4; lastKnownFileType = sourcecode.swift; path = ShoesFunction.swift; sourceTree = "<group>"; };
		4026483B2C2C55B7005BF4CF /* StringFunction.swift */ = {isa = PBXFileReference; fileEncoding = 4; lastKnownFileType = sourcecode.swift; path = StringFunction.swift; sourceTree = "<group>"; };
		4026483C2C2C55B7005BF4CF /* TimeFunction.swift */ = {isa = PBXFileReference; fileEncoding = 4; lastKnownFileType = sourcecode.swift; path = TimeFunction.swift; sourceTree = "<group>"; };
		4026483D2C2C55B7005BF4CF /* UUIDFunction.swift */ = {isa = PBXFileReference; fileEncoding = 4; lastKnownFileType = sourcecode.swift; path = UUIDFunction.swift; sourceTree = "<group>"; };
		4026483F2C2C55B7005BF4CF /* ScrapImageTester.swift */ = {isa = PBXFileReference; fileEncoding = 4; lastKnownFileType = sourcecode.swift; path = ScrapImageTester.swift; sourceTree = "<group>"; };
		402648402C2C55B7005BF4CF /* ScrapImageViewTester.swift */ = {isa = PBXFileReference; fileEncoding = 4; lastKnownFileType = sourcecode.swift; path = ScrapImageViewTester.swift; sourceTree = "<group>"; };
		402648422C2C55B7005BF4CF /* ApparelSalesCellView.swift */ = {isa = PBXFileReference; fileEncoding = 4; lastKnownFileType = sourcecode.swift; path = ApparelSalesCellView.swift; sourceTree = "<group>"; };
		402648432C2C55B7005BF4CF /* ChartBarDay.swift */ = {isa = PBXFileReference; fileEncoding = 4; lastKnownFileType = sourcecode.swift; path = ChartBarDay.swift; sourceTree = "<group>"; };
		402648442C2C55B7005BF4CF /* ChartBarDay2.swift */ = {isa = PBXFileReference; fileEncoding = 4; lastKnownFileType = sourcecode.swift; path = ChartBarDay2.swift; sourceTree = "<group>"; };
		402648452C2C55B7005BF4CF /* ChartBarMonth.swift */ = {isa = PBXFileReference; fileEncoding = 4; lastKnownFileType = sourcecode.swift; path = ChartBarMonth.swift; sourceTree = "<group>"; };
		402648462C2C55B7005BF4CF /* EmptyHistoryView.swift */ = {isa = PBXFileReference; fileEncoding = 4; lastKnownFileType = sourcecode.swift; path = EmptyHistoryView.swift; sourceTree = "<group>"; };
		402648472C2C55B7005BF4CF /* EmptyListView.swift */ = {isa = PBXFileReference; fileEncoding = 4; lastKnownFileType = sourcecode.swift; path = EmptyListView.swift; sourceTree = "<group>"; };
		402648482C2C55B7005BF4CF /* GetApparelImage.swift */ = {isa = PBXFileReference; fileEncoding = 4; lastKnownFileType = sourcecode.swift; path = GetApparelImage.swift; sourceTree = "<group>"; };
		402648492C2C55B7005BF4CF /* GetShoesImage.swift */ = {isa = PBXFileReference; fileEncoding = 4; lastKnownFileType = sourcecode.swift; path = GetShoesImage.swift; sourceTree = "<group>"; };
		4026484A2C2C55B7005BF4CF /* PremiumCard.swift */ = {isa = PBXFileReference; fileEncoding = 4; lastKnownFileType = sourcecode.swift; path = PremiumCard.swift; sourceTree = "<group>"; };
		4026484B2C2C55B7005BF4CF /* ShoesCellView.swift */ = {isa = PBXFileReference; fileEncoding = 4; lastKnownFileType = sourcecode.swift; path = ShoesCellView.swift; sourceTree = "<group>"; };
		4026484C2C2C55B7005BF4CF /* ShoesRecentlyDeletedCellView.swift */ = {isa = PBXFileReference; fileEncoding = 4; lastKnownFileType = sourcecode.swift; path = ShoesRecentlyDeletedCellView.swift; sourceTree = "<group>"; };
		4026484D2C2C55B7005BF4CF /* ShoesSalesCellView.swift */ = {isa = PBXFileReference; fileEncoding = 4; lastKnownFileType = sourcecode.swift; path = ShoesSalesCellView.swift; sourceTree = "<group>"; };
		4026484E2C2C55B7005BF4CF /* TextRectangle.swift */ = {isa = PBXFileReference; fileEncoding = 4; lastKnownFileType = sourcecode.swift; path = TextRectangle.swift; sourceTree = "<group>"; };
		402648502C2C55B7005BF4CF /* myFunction2.swift */ = {isa = PBXFileReference; fileEncoding = 4; lastKnownFileType = sourcecode.swift; path = myFunction2.swift; sourceTree = "<group>"; };
		402648512C2C55B7005BF4CF /* test.swift */ = {isa = PBXFileReference; fileEncoding = 4; lastKnownFileType = sourcecode.swift; path = test.swift; sourceTree = "<group>"; };
		402648522C2C55B7005BF4CF /* test2.swift */ = {isa = PBXFileReference; fileEncoding = 4; lastKnownFileType = sourcecode.swift; path = test2.swift; sourceTree = "<group>"; };
		402648532C2C55B7005BF4CF /* TimeFormatting.swift */ = {isa = PBXFileReference; fileEncoding = 4; lastKnownFileType = sourcecode.swift; path = TimeFormatting.swift; sourceTree = "<group>"; };
		402648552C2C55B8005BF4CF /* BenefitsDetailView.swift */ = {isa = PBXFileReference; fileEncoding = 4; lastKnownFileType = sourcecode.swift; path = BenefitsDetailView.swift; sourceTree = "<group>"; };
		402648562C2C55B8005BF4CF /* SalesDetailViews.swift */ = {isa = PBXFileReference; fileEncoding = 4; lastKnownFileType = sourcecode.swift; path = SalesDetailViews.swift; sourceTree = "<group>"; };
		402648582C2C55B8005BF4CF /* DepositView.swift */ = {isa = PBXFileReference; fileEncoding = 4; lastKnownFileType = sourcecode.swift; path = DepositView.swift; sourceTree = "<group>"; };
		402648592C2C55B8005BF4CF /* GearView.swift */ = {isa = PBXFileReference; fileEncoding = 4; lastKnownFileType = sourcecode.swift; path = GearView.swift; sourceTree = "<group>"; };
		4026485B2C2C55B8005BF4CF /* myInfoView.swift */ = {isa = PBXFileReference; fileEncoding = 4; lastKnownFileType = sourcecode.swift; path = myInfoView.swift; sourceTree = "<group>"; };
		4026485C2C2C55B8005BF4CF /* PackBrandView.swift */ = {isa = PBXFileReference; fileEncoding = 4; lastKnownFileType = sourcecode.swift; path = PackBrandView.swift; sourceTree = "<group>"; };
		4026485D2C2C55B8005BF4CF /* PackSaleView.swift */ = {isa = PBXFileReference; fileEncoding = 4; lastKnownFileType = sourcecode.swift; path = PackSaleView.swift; sourceTree = "<group>"; };
		4026485E2C2C55B8005BF4CF /* PackSizeView.swift */ = {isa = PBXFileReference; fileEncoding = 4; lastKnownFileType = sourcecode.swift; path = PackSizeView.swift; sourceTree = "<group>"; };
		4026485F2C2C55B8005BF4CF /* ShoesByBrandView.swift */ = {isa = PBXFileReference; fileEncoding = 4; lastKnownFileType = sourcecode.swift; path = ShoesByBrandView.swift; sourceTree = "<group>"; };
		402648602C2C55B8005BF4CF /* ShoesBySizeView.swift */ = {isa = PBXFileReference; fileEncoding = 4; lastKnownFileType = sourcecode.swift; path = ShoesBySizeView.swift; sourceTree = "<group>"; };
		402648622C2C55B8005BF4CF /* AddApparelView.swift */ = {isa = PBXFileReference; fileEncoding = 4; lastKnownFileType = sourcecode.swift; path = AddApparelView.swift; sourceTree = "<group>"; };
		402648632C2C55B8005BF4CF /* AddShoesView.swift */ = {isa = PBXFileReference; fileEncoding = 4; lastKnownFileType = sourcecode.swift; path = AddShoesView.swift; sourceTree = "<group>"; };
		402648642C2C55B8005BF4CF /* PremiumAddFastView.swift */ = {isa = PBXFileReference; fileEncoding = 4; lastKnownFileType = sourcecode.swift; path = PremiumAddFastView.swift; sourceTree = "<group>"; };
		402648662C2C55B8005BF4CF /* EditApparelView.swift */ = {isa = PBXFileReference; fileEncoding = 4; lastKnownFileType = sourcecode.swift; path = EditApparelView.swift; sourceTree = "<group>"; };
		402648672C2C55B8005BF4CF /* EditShoesView.swift */ = {isa = PBXFileReference; fileEncoding = 4; lastKnownFileType = sourcecode.swift; path = EditShoesView.swift; sourceTree = "<group>"; };
		402648692C2C55B8005BF4CF /* InfoSaleApparelView.swift */ = {isa = PBXFileReference; fileEncoding = 4; lastKnownFileType = sourcecode.swift; path = InfoSaleApparelView.swift; sourceTree = "<group>"; };
		4026486A2C2C55B8005BF4CF /* InfoSaleShoesView.swift */ = {isa = PBXFileReference; fileEncoding = 4; lastKnownFileType = sourcecode.swift; path = InfoSaleShoesView.swift; sourceTree = "<group>"; };
		4026486C2C2C55B8005BF4CF /* InfoApparelView.swift */ = {isa = PBXFileReference; fileEncoding = 4; lastKnownFileType = sourcecode.swift; path = InfoApparelView.swift; sourceTree = "<group>"; };
		4026486D2C2C55B8005BF4CF /* InfoShoesView.swift */ = {isa = PBXFileReference; fileEncoding = 4; lastKnownFileType = sourcecode.swift; path = InfoShoesView.swift; sourceTree = "<group>"; };
		4026486F2C2C55B8005BF4CF /* myApparelListView.swift */ = {isa = PBXFileReference; fileEncoding = 4; lastKnownFileType = sourcecode.swift; path = myApparelListView.swift; sourceTree = "<group>"; };
		402648702C2C55B8005BF4CF /* myShoesListView.swift */ = {isa = PBXFileReference; fileEncoding = 4; lastKnownFileType = sourcecode.swift; path = myShoesListView.swift; sourceTree = "<group>"; };
		402648722C2C55B8005BF4CF /* EditSellApparelView.swift */ = {isa = PBXFileReference; fileEncoding = 4; lastKnownFileType = sourcecode.swift; path = EditSellApparelView.swift; sourceTree = "<group>"; };
		402648732C2C55B8005BF4CF /* EditSellShoesView.swift */ = {isa = PBXFileReference; fileEncoding = 4; lastKnownFileType = sourcecode.swift; path = EditSellShoesView.swift; sourceTree = "<group>"; };
		402648752C2C55B8005BF4CF /* SellApparelView.swift */ = {isa = PBXFileReference; fileEncoding = 4; lastKnownFileType = sourcecode.swift; path = SellApparelView.swift; sourceTree = "<group>"; };
		402648762C2C55B8005BF4CF /* SellShoesView.swift */ = {isa = PBXFileReference; fileEncoding = 4; lastKnownFileType = sourcecode.swift; path = SellShoesView.swift; sourceTree = "<group>"; };
		402648782C2C55B8005BF4CF /* PremiumView.swift */ = {isa = PBXFileReference; fileEncoding = 4; lastKnownFileType = sourcecode.swift; path = PremiumView.swift; sourceTree = "<group>"; };
		402648792C2C55B8005BF4CF /* UserView.swift */ = {isa = PBXFileReference; fileEncoding = 4; lastKnownFileType = sourcecode.swift; path = UserView.swift; sourceTree = "<group>"; };
		4026487B2C2C55B8005BF4CF /* ContentView.swift */ = {isa = PBXFileReference; fileEncoding = 4; lastKnownFileType = sourcecode.swift; path = ContentView.swift; sourceTree = "<group>"; };
		4026487C2C2C55B8005BF4CF /* heart.swift */ = {isa = PBXFileReference; fileEncoding = 4; lastKnownFileType = sourcecode.swift; path = heart.swift; sourceTree = "<group>"; };
		4026487D2C2C55B8005BF4CF /* HomeView.swift */ = {isa = PBXFileReference; fileEncoding = 4; lastKnownFileType = sourcecode.swift; path = HomeView.swift; sourceTree = "<group>"; };
		4026487E2C2C55B8005BF4CF /* SalesHistory.swift */ = {isa = PBXFileReference; fileEncoding = 4; lastKnownFileType = sourcecode.swift; path = SalesHistory.swift; sourceTree = "<group>"; };
		4026487F2C2C55B8005BF4CF /* ShoesRecentlyDeletedView.swift */ = {isa = PBXFileReference; fileEncoding = 4; lastKnownFileType = sourcecode.swift; path = ShoesRecentlyDeletedView.swift; sourceTree = "<group>"; };
		402648802C2C55B8005BF4CF /* TabBarView.swift */ = {isa = PBXFileReference; fileEncoding = 4; lastKnownFileType = sourcecode.swift; path = TabBarView.swift; sourceTree = "<group>"; };
		402648812C2C55B8005BF4CF /* Test remove filter.swift */ = {isa = PBXFileReference; fileEncoding = 4; lastKnownFileType = sourcecode.swift; path = "Test remove filter.swift"; sourceTree = "<group>"; };
		402648832C2C55B8005BF4CF /* Assets.xcassets */ = {isa = PBXFileReference; lastKnownFileType = folder.assetcatalog; name = Assets.xcassets; path = ../../myStockApp/26123/Assets.xcassets; sourceTree = "<group>"; };
		402648842C2C55B8005BF4CF /* AppViewModel.swift */ = {isa = PBXFileReference; fileEncoding = 4; lastKnownFileType = sourcecode.swift; path = AppViewModel.swift; sourceTree = "<group>"; };
		402648852C2C55B8005BF4CF /* DataScannerView.swift */ = {isa = PBXFileReference; fileEncoding = 4; lastKnownFileType = sourcecode.swift; path = DataScannerView.swift; sourceTree = "<group>"; };
		402648862C2C55B8005BF4CF /* ScanShoesView.swift */ = {isa = PBXFileReference; fileEncoding = 4; lastKnownFileType = sourcecode.swift; path = ScanShoesView.swift; sourceTree = "<group>"; };
		402648882C2C55B8005BF4CF /* PrimeView.swift */ = {isa = PBXFileReference; fileEncoding = 4; lastKnownFileType = sourcecode.swift; path = PrimeView.swift; sourceTree = "<group>"; };
		4026488A2C2C55B8005BF4CF /* DataController.swift */ = {isa = PBXFileReference; fileEncoding = 4; lastKnownFileType = sourcecode.swift; path = DataController.swift; sourceTree = "<group>"; };
		4026488D2C2C55B8005BF4CF /* ItemModel 2.xcdatamodel */ = {isa = PBXFileReference; lastKnownFileType = wrapper.xcdatamodel; path = "ItemModel 2.xcdatamodel"; sourceTree = "<group>"; };
		4026488E2C2C55B8005BF4CF /* ItemModel 4.xcdatamodel */ = {isa = PBXFileReference; lastKnownFileType = wrapper.xcdatamodel; path = "ItemModel 4.xcdatamodel"; sourceTree = "<group>"; };
		4026488F2C2C55B8005BF4CF /* ItemModel.xcdatamodel */ = {isa = PBXFileReference; lastKnownFileType = wrapper.xcdatamodel; path = ItemModel.xcdatamodel; sourceTree = "<group>"; };
		402648902C2C55B8005BF4CF /* ItemModel 3.xcdatamodel */ = {isa = PBXFileReference; lastKnownFileType = wrapper.xcdatamodel; path = "ItemModel 3.xcdatamodel"; sourceTree = "<group>"; };
		402648912C2C55B8005BF4CF /* ItemModel 6.xcdatamodel */ = {isa = PBXFileReference; lastKnownFileType = wrapper.xcdatamodel; path = "ItemModel 6.xcdatamodel"; sourceTree = "<group>"; };
		402648922C2C55B8005BF4CF /* ItemModel 5.xcdatamodel */ = {isa = PBXFileReference; lastKnownFileType = wrapper.xcdatamodel; path = "ItemModel 5.xcdatamodel"; sourceTree = "<group>"; };
		402648932C2C55B8005BF4CF /* Contents.json */ = {isa = PBXFileReference; fileEncoding = 4; lastKnownFileType = text.json; path = Contents.json; sourceTree = "<group>"; };
		402648942C2C55B8005BF4CF /* myStockLaunchScreen3-20.png */ = {isa = PBXFileReference; lastKnownFileType = image.png; path = "myStockLaunchScreen3-20.png"; sourceTree = "<group>"; };
		402648952C2C55B8005BF4CF /* myStockLaunchScreen3-20@2x.png */ = {isa = PBXFileReference; lastKnownFileType = image.png; path = "myStockLaunchScreen3-20@2x.png"; sourceTree = "<group>"; };
		402648962C2C55B8005BF4CF /* myStockLaunchScreen3-20@3x.png */ = {isa = PBXFileReference; lastKnownFileType = image.png; path = "myStockLaunchScreen3-20@3x.png"; sourceTree = "<group>"; };
		402648972C2C55B8005BF4CF /* myStockLaunchScreen3-29.png */ = {isa = PBXFileReference; lastKnownFileType = image.png; path = "myStockLaunchScreen3-29.png"; sourceTree = "<group>"; };
		402648982C2C55B8005BF4CF /* myStockLaunchScreen3-29@2x.png */ = {isa = PBXFileReference; lastKnownFileType = image.png; path = "myStockLaunchScreen3-29@2x.png"; sourceTree = "<group>"; };
		402648992C2C55B8005BF4CF /* myStockLaunchScreen3-29@3x.png */ = {isa = PBXFileReference; lastKnownFileType = image.png; path = "myStockLaunchScreen3-29@3x.png"; sourceTree = "<group>"; };
		4026489A2C2C55B8005BF4CF /* myStockLaunchScreen3-40.png */ = {isa = PBXFileReference; lastKnownFileType = image.png; path = "myStockLaunchScreen3-40.png"; sourceTree = "<group>"; };
		4026489B2C2C55B8005BF4CF /* myStockLaunchScreen3-40@2x.png */ = {isa = PBXFileReference; lastKnownFileType = image.png; path = "myStockLaunchScreen3-40@2x.png"; sourceTree = "<group>"; };
		4026489C2C2C55B8005BF4CF /* myStockLaunchScreen3-40@3x.png */ = {isa = PBXFileReference; lastKnownFileType = image.png; path = "myStockLaunchScreen3-40@3x.png"; sourceTree = "<group>"; };
		4026489D2C2C55B8005BF4CF /* myStockLaunchScreen3-60@2x.png */ = {isa = PBXFileReference; lastKnownFileType = image.png; path = "myStockLaunchScreen3-60@2x.png"; sourceTree = "<group>"; };
		4026489E2C2C55B8005BF4CF /* myStockLaunchScreen3-60@3x.png */ = {isa = PBXFileReference; lastKnownFileType = image.png; path = "myStockLaunchScreen3-60@3x.png"; sourceTree = "<group>"; };
		4026489F2C2C55B8005BF4CF /* myStockLaunchScreen3-76.png */ = {isa = PBXFileReference; lastKnownFileType = image.png; path = "myStockLaunchScreen3-76.png"; sourceTree = "<group>"; };
		402648A02C2C55B8005BF4CF /* myStockLaunchScreen3-76@2x.png */ = {isa = PBXFileReference; lastKnownFileType = image.png; path = "myStockLaunchScreen3-76@2x.png"; sourceTree = "<group>"; };
		402648A12C2C55B8005BF4CF /* myStockLaunchScreen3-83.5@2x.png */ = {isa = PBXFileReference; lastKnownFileType = image.png; path = "myStockLaunchScreen3-83.5@2x.png"; sourceTree = "<group>"; };
		402648A22C2C55B8005BF4CF /* myStockLaunchScreen3-1024.png */ = {isa = PBXFileReference; lastKnownFileType = image.png; path = "myStockLaunchScreen3-1024.png"; sourceTree = "<group>"; };
/* End PBXFileReference section */

/* Begin PBXFrameworksBuildPhase section */
		402648122C2C556A005BF4CF /* Frameworks */ = {
			isa = PBXFrameworksBuildPhase;
			buildActionMask = 2147483647;
			files = (
				402649062C2C5811005BF4CF /* SwiftSoup in Frameworks */,
			);
			runOnlyForDeploymentPostprocessing = 0;
		};
/* End PBXFrameworksBuildPhase section */

/* Begin PBXGroup section */
		4026480C2C2C556A005BF4CF = {
			isa = PBXGroup;
			children = (
				402648172C2C556A005BF4CF /* sneakerstockAppBackup */,
				402648162C2C556A005BF4CF /* Products */,
			);
			sourceTree = "<group>";
		};
		402648162C2C556A005BF4CF /* Products */ = {
			isa = PBXGroup;
			children = (
				402648152C2C556A005BF4CF /* sneakerstockAppBackup.app */,
			);
			name = Products;
			sourceTree = "<group>";
		};
		402648172C2C556A005BF4CF /* sneakerstockAppBackup */ = {
			isa = PBXGroup;
			children = (
				402648282C2C55A8005BF4CF /* _6123App.swift */,
				402648832C2C55B8005BF4CF /* Assets.xcassets */,
				4026488C2C2C55B8005BF4CF /* DataModel */,
				402648542C2C55B7005BF4CF /* Helpers */,
				402648892C2C55B8005BF4CF /* InAppPurchase */,
				402648A42C2C55B8005BF4CF /* iOS */,
				402648872C2C55B8005BF4CF /* ScanProject */,
				402648822C2C55B8005BF4CF /* Views */,
			);
			path = sneakerstockAppBackup;
			sourceTree = "<group>";
		};
		4026482C2C2C55B7005BF4CF /* Extensions */ = {
			isa = PBXGroup;
			children = (
				4026482A2C2C55B7005BF4CF /* ArrayExtension.swift */,
				4026482B2C2C55B7005BF4CF /* DoubleExtension.swift */,
			);
			path = Extensions;
			sourceTree = "<group>";
		};
		4026483E2C2C55B7005BF4CF /* Function */ = {
			isa = PBXGroup;
			children = (
				4026482D2C2C55B7005BF4CF /* ArrayFunction.swift */,
				4026482E2C2C55B7005BF4CF /* BoolFonction.swift */,
				4026482F2C2C55B7005BF4CF /* ColorFunction.swift */,
				402648302C2C55B7005BF4CF /* CoreDataFunction.swift */,
				402648312C2C55B7005BF4CF /* DepositFunction.swift */,
				402648322C2C55B7005BF4CF /* DoubleFunction.swift */,
				402648332C2C55B7005BF4CF /* FetchedResultsFunction.swift */,
				402648342C2C55B7005BF4CF /* ImageFunction.swift */,
				402648352C2C55B7005BF4CF /* InfoFunction.swift */,
				402648362C2C55B7005BF4CF /* MathFunction.swift */,
				402648372C2C55B7005BF4CF /* PriceFunction .swift */,
				402648382C2C55B7005BF4CF /* refresh.swift */,
				402648392C2C55B7005BF4CF /* RelationFunction .swift */,
				4026483A2C2C55B7005BF4CF /* ShoesFunction.swift */,
				4026483B2C2C55B7005BF4CF /* StringFunction.swift */,
				4026483C2C2C55B7005BF4CF /* TimeFunction.swift */,
				4026483D2C2C55B7005BF4CF /* UUIDFunction.swift */,
			);
			path = Function;
			sourceTree = "<group>";
		};
		402648412C2C55B7005BF4CF /* Testers */ = {
			isa = PBXGroup;
			children = (
				4026483F2C2C55B7005BF4CF /* ScrapImageTester.swift */,
				402648402C2C55B7005BF4CF /* ScrapImageViewTester.swift */,
			);
			path = Testers;
			sourceTree = "<group>";
		};
		4026484F2C2C55B7005BF4CF /* ViewsHelpers */ = {
			isa = PBXGroup;
			children = (
				402648422C2C55B7005BF4CF /* ApparelSalesCellView.swift */,
				402648432C2C55B7005BF4CF /* ChartBarDay.swift */,
				402648442C2C55B7005BF4CF /* ChartBarDay2.swift */,
				402648452C2C55B7005BF4CF /* ChartBarMonth.swift */,
				402648462C2C55B7005BF4CF /* EmptyHistoryView.swift */,
				402648472C2C55B7005BF4CF /* EmptyListView.swift */,
				402648482C2C55B7005BF4CF /* GetApparelImage.swift */,
				402648492C2C55B7005BF4CF /* GetShoesImage.swift */,
				4026484A2C2C55B7005BF4CF /* PremiumCard.swift */,
				4026484B2C2C55B7005BF4CF /* ShoesCellView.swift */,
				4026484C2C2C55B7005BF4CF /* ShoesRecentlyDeletedCellView.swift */,
				4026484D2C2C55B7005BF4CF /* ShoesSalesCellView.swift */,
				4026484E2C2C55B7005BF4CF /* TextRectangle.swift */,
			);
			path = ViewsHelpers;
			sourceTree = "<group>";
		};
		402648542C2C55B7005BF4CF /* Helpers */ = {
			isa = PBXGroup;
			children = (
				4026482C2C2C55B7005BF4CF /* Extensions */,
				4026483E2C2C55B7005BF4CF /* Function */,
				402648412C2C55B7005BF4CF /* Testers */,
				4026484F2C2C55B7005BF4CF /* ViewsHelpers */,
				402648502C2C55B7005BF4CF /* myFunction2.swift */,
				402648512C2C55B7005BF4CF /* test.swift */,
				402648522C2C55B7005BF4CF /* test2.swift */,
				402648532C2C55B7005BF4CF /* TimeFormatting.swift */,
			);
			name = Helpers;
			path = ../../myStockApp/26123/Helpers;
			sourceTree = "<group>";
		};
		402648572C2C55B8005BF4CF /* DetailSalesViews */ = {
			isa = PBXGroup;
			children = (
				402648552C2C55B8005BF4CF /* BenefitsDetailView.swift */,
				402648562C2C55B8005BF4CF /* SalesDetailViews.swift */,
			);
			path = DetailSalesViews;
			sourceTree = "<group>";
		};
		4026485A2C2C55B8005BF4CF /* CearViews */ = {
			isa = PBXGroup;
			children = (
				402648582C2C55B8005BF4CF /* DepositView.swift */,
				402648592C2C55B8005BF4CF /* GearView.swift */,
			);
			path = CearViews;
			sourceTree = "<group>";
		};
		402648612C2C55B8005BF4CF /* InfoViews */ = {
			isa = PBXGroup;
			children = (
				4026485A2C2C55B8005BF4CF /* CearViews */,
				4026485B2C2C55B8005BF4CF /* myInfoView.swift */,
				4026485C2C2C55B8005BF4CF /* PackBrandView.swift */,
				4026485D2C2C55B8005BF4CF /* PackSaleView.swift */,
				4026485E2C2C55B8005BF4CF /* PackSizeView.swift */,
				4026485F2C2C55B8005BF4CF /* ShoesByBrandView.swift */,
				402648602C2C55B8005BF4CF /* ShoesBySizeView.swift */,
			);
			path = InfoViews;
			sourceTree = "<group>";
		};
		402648652C2C55B8005BF4CF /* ItemAddViews */ = {
			isa = PBXGroup;
			children = (
				402648622C2C55B8005BF4CF /* AddApparelView.swift */,
				402648632C2C55B8005BF4CF /* AddShoesView.swift */,
				402648642C2C55B8005BF4CF /* PremiumAddFastView.swift */,
			);
			path = ItemAddViews;
			sourceTree = "<group>";
		};
		402648682C2C55B8005BF4CF /* ItemEditViews */ = {
			isa = PBXGroup;
			children = (
				402648662C2C55B8005BF4CF /* EditApparelView.swift */,
				402648672C2C55B8005BF4CF /* EditShoesView.swift */,
			);
			path = ItemEditViews;
			sourceTree = "<group>";
		};
		4026486B2C2C55B8005BF4CF /* ItemInfoSalesViews */ = {
			isa = PBXGroup;
			children = (
				402648692C2C55B8005BF4CF /* InfoSaleApparelView.swift */,
				4026486A2C2C55B8005BF4CF /* InfoSaleShoesView.swift */,
			);
			path = ItemInfoSalesViews;
			sourceTree = "<group>";
		};
		4026486E2C2C55B8005BF4CF /* ItemInfoViews */ = {
			isa = PBXGroup;
			children = (
				4026486C2C2C55B8005BF4CF /* InfoApparelView.swift */,
				4026486D2C2C55B8005BF4CF /* InfoShoesView.swift */,
			);
			path = ItemInfoViews;
			sourceTree = "<group>";
		};
		402648712C2C55B8005BF4CF /* ItemListViews */ = {
			isa = PBXGroup;
			children = (
				4026486F2C2C55B8005BF4CF /* myApparelListView.swift */,
				402648702C2C55B8005BF4CF /* myShoesListView.swift */,
			);
			path = ItemListViews;
			sourceTree = "<group>";
		};
		402648742C2C55B8005BF4CF /* EditViews */ = {
			isa = PBXGroup;
			children = (
				402648722C2C55B8005BF4CF /* EditSellApparelView.swift */,
				402648732C2C55B8005BF4CF /* EditSellShoesView.swift */,
			);
			path = EditViews;
			sourceTree = "<group>";
		};
		402648772C2C55B8005BF4CF /* ItemSellViews */ = {
			isa = PBXGroup;
			children = (
				402648742C2C55B8005BF4CF /* EditViews */,
				402648752C2C55B8005BF4CF /* SellApparelView.swift */,
				402648762C2C55B8005BF4CF /* SellShoesView.swift */,
			);
			path = ItemSellViews;
			sourceTree = "<group>";
		};
		4026487A2C2C55B8005BF4CF /* PremiumViews */ = {
			isa = PBXGroup;
			children = (
				402648782C2C55B8005BF4CF /* PremiumView.swift */,
				402648792C2C55B8005BF4CF /* UserView.swift */,
			);
			path = PremiumViews;
			sourceTree = "<group>";
		};
		402648822C2C55B8005BF4CF /* Views */ = {
			isa = PBXGroup;
			children = (
				402648572C2C55B8005BF4CF /* DetailSalesViews */,
				402648612C2C55B8005BF4CF /* InfoViews */,
				402648652C2C55B8005BF4CF /* ItemAddViews */,
				402648682C2C55B8005BF4CF /* ItemEditViews */,
				4026486B2C2C55B8005BF4CF /* ItemInfoSalesViews */,
				4026486E2C2C55B8005BF4CF /* ItemInfoViews */,
				402648712C2C55B8005BF4CF /* ItemListViews */,
				402648772C2C55B8005BF4CF /* ItemSellViews */,
				4026487A2C2C55B8005BF4CF /* PremiumViews */,
				4026487B2C2C55B8005BF4CF /* ContentView.swift */,
				4026487C2C2C55B8005BF4CF /* heart.swift */,
				4026487D2C2C55B8005BF4CF /* HomeView.swift */,
				4026487E2C2C55B8005BF4CF /* SalesHistory.swift */,
				4026487F2C2C55B8005BF4CF /* ShoesRecentlyDeletedView.swift */,
				402648802C2C55B8005BF4CF /* TabBarView.swift */,
				402648812C2C55B8005BF4CF /* Test remove filter.swift */,
			);
			name = Views;
			path = ../../myStockApp/26123/Views;
			sourceTree = "<group>";
		};
		402648872C2C55B8005BF4CF /* ScanProject */ = {
			isa = PBXGroup;
			children = (
				402648842C2C55B8005BF4CF /* AppViewModel.swift */,
				402648852C2C55B8005BF4CF /* DataScannerView.swift */,
				402648862C2C55B8005BF4CF /* ScanShoesView.swift */,
			);
			name = ScanProject;
			path = ../../myStockApp/26123/ScanProject;
			sourceTree = "<group>";
		};
		402648892C2C55B8005BF4CF /* InAppPurchase */ = {
			isa = PBXGroup;
			children = (
				402648882C2C55B8005BF4CF /* PrimeView.swift */,
			);
			name = InAppPurchase;
			path = ../../myStockApp/26123/InAppPurchase;
			sourceTree = "<group>";
		};
		4026488C2C2C55B8005BF4CF /* DataModel */ = {
			isa = PBXGroup;
			children = (
				4026488A2C2C55B8005BF4CF /* DataController.swift */,
				4026488B2C2C55B8005BF4CF /* Shoes.xcdatamodeld */,
			);
			name = DataModel;
			path = ../../myStockApp/26123/DataModel;
			sourceTree = "<group>";
		};
		402648A32C2C55B8005BF4CF /* AppIcon.appiconset */ = {
			isa = PBXGroup;
			children = (
				402648932C2C55B8005BF4CF /* Contents.json */,
				402648942C2C55B8005BF4CF /* myStockLaunchScreen3-20.png */,
				402648952C2C55B8005BF4CF /* myStockLaunchScreen3-20@2x.png */,
				402648962C2C55B8005BF4CF /* myStockLaunchScreen3-20@3x.png */,
				402648972C2C55B8005BF4CF /* myStockLaunchScreen3-29.png */,
				402648982C2C55B8005BF4CF /* myStockLaunchScreen3-29@2x.png */,
				402648992C2C55B8005BF4CF /* myStockLaunchScreen3-29@3x.png */,
				4026489A2C2C55B8005BF4CF /* myStockLaunchScreen3-40.png */,
				4026489B2C2C55B8005BF4CF /* myStockLaunchScreen3-40@2x.png */,
				4026489C2C2C55B8005BF4CF /* myStockLaunchScreen3-40@3x.png */,
				4026489D2C2C55B8005BF4CF /* myStockLaunchScreen3-60@2x.png */,
				4026489E2C2C55B8005BF4CF /* myStockLaunchScreen3-60@3x.png */,
				4026489F2C2C55B8005BF4CF /* myStockLaunchScreen3-76.png */,
				402648A02C2C55B8005BF4CF /* myStockLaunchScreen3-76@2x.png */,
				402648A12C2C55B8005BF4CF /* myStockLaunchScreen3-83.5@2x.png */,
				402648A22C2C55B8005BF4CF /* myStockLaunchScreen3-1024.png */,
			);
			path = AppIcon.appiconset;
			sourceTree = "<group>";
		};
		402648A42C2C55B8005BF4CF /* iOS */ = {
			isa = PBXGroup;
			children = (
				402648A32C2C55B8005BF4CF /* AppIcon.appiconset */,
			);
			name = iOS;
			path = ../../myStockApp/26123/iOS;
			sourceTree = "<group>";
		};
/* End PBXGroup section */

/* Begin PBXNativeTarget section */
		402648142C2C556A005BF4CF /* sneakerstockAppBackup */ = {
			isa = PBXNativeTarget;
			buildConfigurationList = 402648252C2C556C005BF4CF /* Build configuration list for PBXNativeTarget "sneakerstockAppBackup" */;
			buildPhases = (
				402648112C2C556A005BF4CF /* Sources */,
				402648122C2C556A005BF4CF /* Frameworks */,
				402648132C2C556A005BF4CF /* Resources */,
			);
			buildRules = (
			);
			dependencies = (
			);
			name = sneakerstockAppBackup;
			packageProductDependencies = (
				402649052C2C5811005BF4CF /* SwiftSoup */,
			);
			productName = sneakerstockAppBackup;
			productReference = 402648152C2C556A005BF4CF /* sneakerstockAppBackup.app */;
			productType = "com.apple.product-type.application";
		};
/* End PBXNativeTarget section */

/* Begin PBXProject section */
		4026480D2C2C556A005BF4CF /* Project object */ = {
			isa = PBXProject;
			attributes = {
				BuildIndependentTargetsInParallel = 1;
				LastSwiftUpdateCheck = 1540;
				LastUpgradeCheck = 1540;
				TargetAttributes = {
					402648142C2C556A005BF4CF = {
						CreatedOnToolsVersion = 15.4;
						LastSwiftMigration = 1540;
					};
				};
			};
			buildConfigurationList = 402648102C2C556A005BF4CF /* Build configuration list for PBXProject "sneakerstockAppBackup" */;
			compatibilityVersion = "Xcode 14.0";
			developmentRegion = en;
			hasScannedForEncodings = 0;
			knownRegions = (
				en,
				Base,
			);
			mainGroup = 4026480C2C2C556A005BF4CF;
			packageReferences = (
				402649042C2C5811005BF4CF /* XCRemoteSwiftPackageReference "SwiftSoup" */,
			);
			productRefGroup = 402648162C2C556A005BF4CF /* Products */;
			projectDirPath = "";
			projectRoot = "";
			targets = (
				402648142C2C556A005BF4CF /* sneakerstockAppBackup */,
			);
		};
/* End PBXProject section */

/* Begin PBXResourcesBuildPhase section */
		402648132C2C556A005BF4CF /* Resources */ = {
			isa = PBXResourcesBuildPhase;
			buildActionMask = 2147483647;
			files = (
				402649022C2C55B9005BF4CF /* myStockLaunchScreen3-83.5@2x.png in Resources */,
				402648FB2C2C55B9005BF4CF /* myStockLaunchScreen3-40.png in Resources */,
				402648ED2C2C55B8005BF4CF /* Assets.xcassets in Resources */,
				402649002C2C55B9005BF4CF /* myStockLaunchScreen3-76.png in Resources */,
				402648F52C2C55B9005BF4CF /* myStockLaunchScreen3-20.png in Resources */,
				402648F62C2C55B9005BF4CF /* myStockLaunchScreen3-20@2x.png in Resources */,
				402648FC2C2C55B9005BF4CF /* myStockLaunchScreen3-40@2x.png in Resources */,
				402648F72C2C55B9005BF4CF /* myStockLaunchScreen3-20@3x.png in Resources */,
				402648FE2C2C55B9005BF4CF /* myStockLaunchScreen3-60@2x.png in Resources */,
				402648FF2C2C55B9005BF4CF /* myStockLaunchScreen3-60@3x.png in Resources */,
				402648FA2C2C55B9005BF4CF /* myStockLaunchScreen3-29@3x.png in Resources */,
				402648FD2C2C55B9005BF4CF /* myStockLaunchScreen3-40@3x.png in Resources */,
				402648F92C2C55B9005BF4CF /* myStockLaunchScreen3-29@2x.png in Resources */,
				402649012C2C55B9005BF4CF /* myStockLaunchScreen3-76@2x.png in Resources */,
				402649032C2C55B9005BF4CF /* myStockLaunchScreen3-1024.png in Resources */,
				402648F82C2C55B9005BF4CF /* myStockLaunchScreen3-29.png in Resources */,
				402648F42C2C55B9005BF4CF /* Contents.json in Resources */,
			);
			runOnlyForDeploymentPostprocessing = 0;
		};
/* End PBXResourcesBuildPhase section */

/* Begin PBXSourcesBuildPhase section */
		402648112C2C556A005BF4CF /* Sources */ = {
			isa = PBXSourcesBuildPhase;
			buildActionMask = 2147483647;
			files = (
				402648D32C2C55B8005BF4CF /* ShoesByBrandView.swift in Sources */,
				402648D42C2C55B8005BF4CF /* ShoesBySizeView.swift in Sources */,
				402648C22C2C55B8005BF4CF /* PremiumCard.swift in Sources */,
				402648CE2C2C55B8005BF4CF /* GearView.swift in Sources */,
				402648A62C2C55B8005BF4CF /* DoubleExtension.swift in Sources */,
				402648BC2C2C55B8005BF4CF /* ChartBarDay2.swift in Sources */,
				402648F32C2C55B9005BF4CF /* Shoes.xcdatamodeld in Sources */,
				402648B82C2C55B8005BF4CF /* ScrapImageTester.swift in Sources */,
				402648A92C2C55B8005BF4CF /* ColorFunction.swift in Sources */,
				402648D52C2C55B8005BF4CF /* AddApparelView.swift in Sources */,
				402648DD2C2C55B8005BF4CF /* InfoShoesView.swift in Sources */,
				402648EB2C2C55B8005BF4CF /* TabBarView.swift in Sources */,
				402648DA2C2C55B8005BF4CF /* InfoSaleApparelView.swift in Sources */,
				402648C42C2C55B8005BF4CF /* ShoesRecentlyDeletedCellView.swift in Sources */,
				402648C02C2C55B8005BF4CF /* GetApparelImage.swift in Sources */,
				402648C12C2C55B8005BF4CF /* GetShoesImage.swift in Sources */,
				402648C92C2C55B8005BF4CF /* test2.swift in Sources */,
				402648B92C2C55B8005BF4CF /* ScrapImageViewTester.swift in Sources */,
				402648B62C2C55B8005BF4CF /* TimeFunction.swift in Sources */,
				402648CF2C2C55B8005BF4CF /* myInfoView.swift in Sources */,
				402648C72C2C55B8005BF4CF /* myFunction2.swift in Sources */,
				402648B52C2C55B8005BF4CF /* StringFunction.swift in Sources */,
				402648BD2C2C55B8005BF4CF /* ChartBarMonth.swift in Sources */,
				402648E82C2C55B8005BF4CF /* HomeView.swift in Sources */,
				402648C32C2C55B8005BF4CF /* ShoesCellView.swift in Sources */,
				402648B42C2C55B8005BF4CF /* ShoesFunction.swift in Sources */,
				402648EA2C2C55B8005BF4CF /* ShoesRecentlyDeletedView.swift in Sources */,
				402648AC2C2C55B8005BF4CF /* DoubleFunction.swift in Sources */,
				402648EC2C2C55B8005BF4CF /* Test remove filter.swift in Sources */,
				402648E22C2C55B8005BF4CF /* SellApparelView.swift in Sources */,
				402648D82C2C55B8005BF4CF /* EditApparelView.swift in Sources */,
				402648EE2C2C55B8005BF4CF /* AppViewModel.swift in Sources */,
				402648BE2C2C55B8005BF4CF /* EmptyHistoryView.swift in Sources */,
				402648E32C2C55B8005BF4CF /* SellShoesView.swift in Sources */,
				402648292C2C55A8005BF4CF /* _6123App.swift in Sources */,
				402648BB2C2C55B8005BF4CF /* ChartBarDay.swift in Sources */,
				402648DC2C2C55B8005BF4CF /* InfoApparelView.swift in Sources */,
				402648D12C2C55B8005BF4CF /* PackSaleView.swift in Sources */,
				402648F22C2C55B9005BF4CF /* DataController.swift in Sources */,
				402648F12C2C55B9005BF4CF /* PrimeView.swift in Sources */,
				402648CA2C2C55B8005BF4CF /* TimeFormatting.swift in Sources */,
				402648B02C2C55B8005BF4CF /* MathFunction.swift in Sources */,
				402648E92C2C55B8005BF4CF /* SalesHistory.swift in Sources */,
				402648D72C2C55B8005BF4CF /* PremiumAddFastView.swift in Sources */,
				402648E02C2C55B8005BF4CF /* EditSellApparelView.swift in Sources */,
				402648CC2C2C55B8005BF4CF /* SalesDetailViews.swift in Sources */,
				402648E12C2C55B8005BF4CF /* EditSellShoesView.swift in Sources */,
				402648E72C2C55B8005BF4CF /* heart.swift in Sources */,
				402648A52C2C55B8005BF4CF /* ArrayExtension.swift in Sources */,
				402648E62C2C55B8005BF4CF /* ContentView.swift in Sources */,
				402648C82C2C55B8005BF4CF /* test.swift in Sources */,
				402648B32C2C55B8005BF4CF /* RelationFunction .swift in Sources */,
				402648E42C2C55B8005BF4CF /* PremiumView.swift in Sources */,
				402648BF2C2C55B8005BF4CF /* EmptyListView.swift in Sources */,
				402648C52C2C55B8005BF4CF /* ShoesSalesCellView.swift in Sources */,
				402648AA2C2C55B8005BF4CF /* CoreDataFunction.swift in Sources */,
				402648AD2C2C55B8005BF4CF /* FetchedResultsFunction.swift in Sources */,
				402648A72C2C55B8005BF4CF /* ArrayFunction.swift in Sources */,
				402648DB2C2C55B8005BF4CF /* InfoSaleShoesView.swift in Sources */,
				402648AB2C2C55B8005BF4CF /* DepositFunction.swift in Sources */,
				402648D22C2C55B8005BF4CF /* PackSizeView.swift in Sources */,
				402648A82C2C55B8005BF4CF /* BoolFonction.swift in Sources */,
				402648AE2C2C55B8005BF4CF /* ImageFunction.swift in Sources */,
				402648CB2C2C55B8005BF4CF /* BenefitsDetailView.swift in Sources */,
				402648EF2C2C55B9005BF4CF /* DataScannerView.swift in Sources */,
				402648CD2C2C55B8005BF4CF /* DepositView.swift in Sources */,
				402648B12C2C55B8005BF4CF /* PriceFunction .swift in Sources */,
				402648F02C2C55B9005BF4CF /* ScanShoesView.swift in Sources */,
				402648E52C2C55B8005BF4CF /* UserView.swift in Sources */,
				402648DE2C2C55B8005BF4CF /* myApparelListView.swift in Sources */,
				402648AF2C2C55B8005BF4CF /* InfoFunction.swift in Sources */,
				402648B72C2C55B8005BF4CF /* UUIDFunction.swift in Sources */,
				402648B22C2C55B8005BF4CF /* refresh.swift in Sources */,
				402648D62C2C55B8005BF4CF /* AddShoesView.swift in Sources */,
				402648BA2C2C55B8005BF4CF /* ApparelSalesCellView.swift in Sources */,
				402648D92C2C55B8005BF4CF /* EditShoesView.swift in Sources */,
				402648D02C2C55B8005BF4CF /* PackBrandView.swift in Sources */,
				402648C62C2C55B8005BF4CF /* TextRectangle.swift in Sources */,
				402648DF2C2C55B8005BF4CF /* myShoesListView.swift in Sources */,
			);
			runOnlyForDeploymentPostprocessing = 0;
		};
/* End PBXSourcesBuildPhase section */

/* Begin XCBuildConfiguration section */
		402648232C2C556C005BF4CF /* Debug */ = {
			isa = XCBuildConfiguration;
			buildSettings = {
				ALWAYS_SEARCH_USER_PATHS = NO;
				ASSETCATALOG_COMPILER_GENERATE_SWIFT_ASSET_SYMBOL_EXTENSIONS = YES;
				CLANG_ANALYZER_NONNULL = YES;
				CLANG_ANALYZER_NUMBER_OBJECT_CONVERSION = YES_AGGRESSIVE;
				CLANG_CXX_LANGUAGE_STANDARD = "gnu++20";
				CLANG_ENABLE_MODULES = YES;
				CLANG_ENABLE_OBJC_ARC = YES;
				CLANG_ENABLE_OBJC_WEAK = YES;
				CLANG_WARN_BLOCK_CAPTURE_AUTORELEASING = YES;
				CLANG_WARN_BOOL_CONVERSION = YES;
				CLANG_WARN_COMMA = YES;
				CLANG_WARN_CONSTANT_CONVERSION = YES;
				CLANG_WARN_DEPRECATED_OBJC_IMPLEMENTATIONS = YES;
				CLANG_WARN_DIRECT_OBJC_ISA_USAGE = YES_ERROR;
				CLANG_WARN_DOCUMENTATION_COMMENTS = YES;
				CLANG_WARN_EMPTY_BODY = YES;
				CLANG_WARN_ENUM_CONVERSION = YES;
				CLANG_WARN_INFINITE_RECURSION = YES;
				CLANG_WARN_INT_CONVERSION = YES;
				CLANG_WARN_NON_LITERAL_NULL_CONVERSION = YES;
				CLANG_WARN_OBJC_IMPLICIT_RETAIN_SELF = YES;
				CLANG_WARN_OBJC_LITERAL_CONVERSION = YES;
				CLANG_WARN_OBJC_ROOT_CLASS = YES_ERROR;
				CLANG_WARN_QUOTED_INCLUDE_IN_FRAMEWORK_HEADER = YES;
				CLANG_WARN_RANGE_LOOP_ANALYSIS = YES;
				CLANG_WARN_STRICT_PROTOTYPES = YES;
				CLANG_WARN_SUSPICIOUS_MOVE = YES;
				CLANG_WARN_UNGUARDED_AVAILABILITY = YES_AGGRESSIVE;
				CLANG_WARN_UNREACHABLE_CODE = YES;
				CLANG_WARN__DUPLICATE_METHOD_MATCH = YES;
				COPY_PHASE_STRIP = NO;
				DEBUG_INFORMATION_FORMAT = dwarf;
				ENABLE_STRICT_OBJC_MSGSEND = YES;
				ENABLE_TESTABILITY = YES;
				ENABLE_USER_SCRIPT_SANDBOXING = YES;
				GCC_C_LANGUAGE_STANDARD = gnu17;
				GCC_DYNAMIC_NO_PIC = NO;
				GCC_NO_COMMON_BLOCKS = YES;
				GCC_OPTIMIZATION_LEVEL = 0;
				GCC_PREPROCESSOR_DEFINITIONS = (
					"DEBUG=1",
					"$(inherited)",
				);
				GCC_WARN_64_TO_32_BIT_CONVERSION = YES;
				GCC_WARN_ABOUT_RETURN_TYPE = YES_ERROR;
				GCC_WARN_UNDECLARED_SELECTOR = YES;
				GCC_WARN_UNINITIALIZED_AUTOS = YES_AGGRESSIVE;
				GCC_WARN_UNUSED_FUNCTION = YES;
				GCC_WARN_UNUSED_VARIABLE = YES;
				IPHONEOS_DEPLOYMENT_TARGET = 17.5;
				LOCALIZATION_PREFERS_STRING_CATALOGS = YES;
				MTL_ENABLE_DEBUG_INFO = INCLUDE_SOURCE;
				MTL_FAST_MATH = YES;
				ONLY_ACTIVE_ARCH = YES;
				SDKROOT = iphoneos;
				SWIFT_ACTIVE_COMPILATION_CONDITIONS = "DEBUG $(inherited)";
				SWIFT_OPTIMIZATION_LEVEL = "-Onone";
			};
			name = Debug;
		};
		402648242C2C556C005BF4CF /* Release */ = {
			isa = XCBuildConfiguration;
			buildSettings = {
				ALWAYS_SEARCH_USER_PATHS = NO;
				ASSETCATALOG_COMPILER_GENERATE_SWIFT_ASSET_SYMBOL_EXTENSIONS = YES;
				CLANG_ANALYZER_NONNULL = YES;
				CLANG_ANALYZER_NUMBER_OBJECT_CONVERSION = YES_AGGRESSIVE;
				CLANG_CXX_LANGUAGE_STANDARD = "gnu++20";
				CLANG_ENABLE_MODULES = YES;
				CLANG_ENABLE_OBJC_ARC = YES;
				CLANG_ENABLE_OBJC_WEAK = YES;
				CLANG_WARN_BLOCK_CAPTURE_AUTORELEASING = YES;
				CLANG_WARN_BOOL_CONVERSION = YES;
				CLANG_WARN_COMMA = YES;
				CLANG_WARN_CONSTANT_CONVERSION = YES;
				CLANG_WARN_DEPRECATED_OBJC_IMPLEMENTATIONS = YES;
				CLANG_WARN_DIRECT_OBJC_ISA_USAGE = YES_ERROR;
				CLANG_WARN_DOCUMENTATION_COMMENTS = YES;
				CLANG_WARN_EMPTY_BODY = YES;
				CLANG_WARN_ENUM_CONVERSION = YES;
				CLANG_WARN_INFINITE_RECURSION = YES;
				CLANG_WARN_INT_CONVERSION = YES;
				CLANG_WARN_NON_LITERAL_NULL_CONVERSION = YES;
				CLANG_WARN_OBJC_IMPLICIT_RETAIN_SELF = YES;
				CLANG_WARN_OBJC_LITERAL_CONVERSION = YES;
				CLANG_WARN_OBJC_ROOT_CLASS = YES_ERROR;
				CLANG_WARN_QUOTED_INCLUDE_IN_FRAMEWORK_HEADER = YES;
				CLANG_WARN_RANGE_LOOP_ANALYSIS = YES;
				CLANG_WARN_STRICT_PROTOTYPES = YES;
				CLANG_WARN_SUSPICIOUS_MOVE = YES;
				CLANG_WARN_UNGUARDED_AVAILABILITY = YES_AGGRESSIVE;
				CLANG_WARN_UNREACHABLE_CODE = YES;
				CLANG_WARN__DUPLICATE_METHOD_MATCH = YES;
				COPY_PHASE_STRIP = NO;
				DEBUG_INFORMATION_FORMAT = "dwarf-with-dsym";
				ENABLE_NS_ASSERTIONS = NO;
				ENABLE_STRICT_OBJC_MSGSEND = YES;
				ENABLE_USER_SCRIPT_SANDBOXING = YES;
				GCC_C_LANGUAGE_STANDARD = gnu17;
				GCC_NO_COMMON_BLOCKS = YES;
				GCC_WARN_64_TO_32_BIT_CONVERSION = YES;
				GCC_WARN_ABOUT_RETURN_TYPE = YES_ERROR;
				GCC_WARN_UNDECLARED_SELECTOR = YES;
				GCC_WARN_UNINITIALIZED_AUTOS = YES_AGGRESSIVE;
				GCC_WARN_UNUSED_FUNCTION = YES;
				GCC_WARN_UNUSED_VARIABLE = YES;
				IPHONEOS_DEPLOYMENT_TARGET = 17.5;
				LOCALIZATION_PREFERS_STRING_CATALOGS = YES;
				MTL_ENABLE_DEBUG_INFO = NO;
				MTL_FAST_MATH = YES;
				SDKROOT = iphoneos;
				SWIFT_COMPILATION_MODE = wholemodule;
				VALIDATE_PRODUCT = YES;
			};
			name = Release;
		};
		402648262C2C556C005BF4CF /* Debug */ = {
			isa = XCBuildConfiguration;
			buildSettings = {
				ASSETCATALOG_COMPILER_APPICON_NAME = AppIcon;
				ASSETCATALOG_COMPILER_GLOBAL_ACCENT_COLOR_NAME = AccentColor;
				CLANG_ENABLE_MODULES = YES;
				CODE_SIGN_STYLE = Automatic;
				CURRENT_PROJECT_VERSION = 1;
				DEVELOPMENT_TEAM = PMVF88KT9V;
				ENABLE_PREVIEWS = YES;
				GENERATE_INFOPLIST_FILE = YES;
				INFOPLIST_KEY_CFBundleDisplayName = Sneakerstock;
				INFOPLIST_KEY_UIApplicationSceneManifest_Generation = YES;
				INFOPLIST_KEY_UIApplicationSupportsIndirectInputEvents = YES;
				INFOPLIST_KEY_UILaunchScreen_Generation = YES;
				INFOPLIST_KEY_UISupportedInterfaceOrientations_iPad = "UIInterfaceOrientationPortrait UIInterfaceOrientationPortraitUpsideDown UIInterfaceOrientationLandscapeLeft UIInterfaceOrientationLandscapeRight";
				INFOPLIST_KEY_UISupportedInterfaceOrientations_iPhone = "UIInterfaceOrientationPortrait UIInterfaceOrientationLandscapeLeft UIInterfaceOrientationLandscapeRight";
				INFOPLIST_KEY_UIUserInterfaceStyle = light;
				LD_RUNPATH_SEARCH_PATHS = (
					"$(inherited)",
					"@executable_path/Frameworks",
				);
				MARKETING_VERSION = 1.0;
				PRODUCT_BUNDLE_IDENTIFIER = myr.mystockapp.com;
				PRODUCT_NAME = "$(TARGET_NAME)";
				SUPPORTED_PLATFORMS = "iphoneos iphonesimulator";
				SUPPORTS_MACCATALYST = NO;
				SUPPORTS_XR_DESIGNED_FOR_IPHONE_IPAD = NO;
				SWIFT_EMIT_LOC_STRINGS = YES;
				SWIFT_OPTIMIZATION_LEVEL = "-Onone";
				SWIFT_VERSION = 5.0;
				TARGETED_DEVICE_FAMILY = "1,2";
			};
			name = Debug;
		};
		402648272C2C556C005BF4CF /* Release */ = {
			isa = XCBuildConfiguration;
			buildSettings = {
				ASSETCATALOG_COMPILER_APPICON_NAME = AppIcon;
				ASSETCATALOG_COMPILER_GLOBAL_ACCENT_COLOR_NAME = AccentColor;
				CLANG_ENABLE_MODULES = YES;
				CODE_SIGN_STYLE = Automatic;
				CURRENT_PROJECT_VERSION = 1;
				DEVELOPMENT_TEAM = PMVF88KT9V;
				ENABLE_PREVIEWS = YES;
				GENERATE_INFOPLIST_FILE = YES;
				INFOPLIST_KEY_CFBundleDisplayName = Sneakerstock;
				INFOPLIST_KEY_UIApplicationSceneManifest_Generation = YES;
				INFOPLIST_KEY_UIApplicationSupportsIndirectInputEvents = YES;
				INFOPLIST_KEY_UILaunchScreen_Generation = YES;
				INFOPLIST_KEY_UISupportedInterfaceOrientations_iPad = "UIInterfaceOrientationPortrait UIInterfaceOrientationPortraitUpsideDown UIInterfaceOrientationLandscapeLeft UIInterfaceOrientationLandscapeRight";
				INFOPLIST_KEY_UISupportedInterfaceOrientations_iPhone = "UIInterfaceOrientationPortrait UIInterfaceOrientationLandscapeLeft UIInterfaceOrientationLandscapeRight";
				INFOPLIST_KEY_UIUserInterfaceStyle = light;
				LD_RUNPATH_SEARCH_PATHS = (
					"$(inherited)",
					"@executable_path/Frameworks",
				);
				MARKETING_VERSION = 1.0;
				PRODUCT_BUNDLE_IDENTIFIER = myr.mystockapp.com;
				PRODUCT_NAME = "$(TARGET_NAME)";
				SUPPORTED_PLATFORMS = "iphoneos iphonesimulator";
				SUPPORTS_MACCATALYST = NO;
				SUPPORTS_XR_DESIGNED_FOR_IPHONE_IPAD = NO;
				SWIFT_EMIT_LOC_STRINGS = YES;
				SWIFT_VERSION = 5.0;
				TARGETED_DEVICE_FAMILY = "1,2";
			};
			name = Release;
		};
/* End XCBuildConfiguration section */

/* Begin XCConfigurationList section */
		402648102C2C556A005BF4CF /* Build configuration list for PBXProject "sneakerstockAppBackup" */ = {
			isa = XCConfigurationList;
			buildConfigurations = (
				402648232C2C556C005BF4CF /* Debug */,
				402648242C2C556C005BF4CF /* Release */,
			);
			defaultConfigurationIsVisible = 0;
			defaultConfigurationName = Release;
		};
		402648252C2C556C005BF4CF /* Build configuration list for PBXNativeTarget "sneakerstockAppBackup" */ = {
			isa = XCConfigurationList;
			buildConfigurations = (
				402648262C2C556C005BF4CF /* Debug */,
				402648272C2C556C005BF4CF /* Release */,
			);
			defaultConfigurationIsVisible = 0;
			defaultConfigurationName = Release;
		};
/* End XCConfigurationList section */

/* Begin XCRemoteSwiftPackageReference section */
		402649042C2C5811005BF4CF /* XCRemoteSwiftPackageReference "SwiftSoup" */ = {
			isa = XCRemoteSwiftPackageReference;
			repositoryURL = "https://github.com/scinfu/SwiftSoup.git";
			requirement = {
				kind = upToNextMajorVersion;
				minimumVersion = 2.7.2;
			};
		};
/* End XCRemoteSwiftPackageReference section */

/* Begin XCSwiftPackageProductDependency section */
		402649052C2C5811005BF4CF /* SwiftSoup */ = {
			isa = XCSwiftPackageProductDependency;
			package = 402649042C2C5811005BF4CF /* XCRemoteSwiftPackageReference "SwiftSoup" */;
			productName = SwiftSoup;
		};
/* End XCSwiftPackageProductDependency section */

/* Begin XCVersionGroup section */
		4026488B2C2C55B8005BF4CF /* Shoes.xcdatamodeld */ = {
			isa = XCVersionGroup;
			children = (
				4026488D2C2C55B8005BF4CF /* ItemModel 2.xcdatamodel */,
				4026488E2C2C55B8005BF4CF /* ItemModel 4.xcdatamodel */,
				4026488F2C2C55B8005BF4CF /* ItemModel.xcdatamodel */,
				402648902C2C55B8005BF4CF /* ItemModel 3.xcdatamodel */,
				402648912C2C55B8005BF4CF /* ItemModel 6.xcdatamodel */,
				402648922C2C55B8005BF4CF /* ItemModel 5.xcdatamodel */,
			);
			currentVersion = 402648912C2C55B8005BF4CF /* ItemModel 6.xcdatamodel */;
			name = Shoes.xcdatamodeld;
			path = /Users/ewan/Documents/xcodeProjects/myStockApp/26123/DataModel/Shoes.xcdatamodeld;
			sourceTree = "<group>";
			versionGroupType = wrapper.xcdatamodel;
		};
/* End XCVersionGroup section */
	};
	rootObject = 4026480D2C2C556A005BF4CF /* Project object */;
}
